
Microsoft Visual Studio Solution File, Format Version 12.00
# Visual Studio Version 16
VisualStudioVersion = 16.0.30611.23
MinimumVisualStudioVersion = 10.0.40219.1
Project("{FAE04EC0-301F-11D3-BF4B-00C04F79EFBC}") = "Randomizer.Android", "App\Targets\Randomizer.Android\Randomizer.Android.csproj", "{F463B4A7-28AC-4BD0-9187-81FEF1BC660F}"
EndProject
Project("{FAE04EC0-301F-11D3-BF4B-00C04F79EFBC}") = "Randomizer.iOS", "App\Targets\Randomizer.iOS\Randomizer.iOS.csproj", "{8D0AB41F-C5AC-41AC-838C-B360B08BAACF}"
EndProject
Project("{9A19103F-16F7-4668-BE54-9A1E7A4F7556}") = "Randomizer", "App\Randomizer\Randomizer.csproj", "{3722FBFC-9C51-490B-8178-519395C4E0D5}"
EndProject
Project("{2150E333-8FDC-42A3-9474-1A3956D46DE8}") = "Targets", "Targets", "{D18A216E-6F66-43D1-80AA-C932F8756473}"
EndProject
Project("{2150E333-8FDC-42A3-9474-1A3956D46DE8}") = "EnigmatiKreations.Framework", "EnigmatiKreations.Framework", "{BC7AFAEE-0ABF-4B43-8DC6-EEC8F803E737}"
EndProject
Project("{2150E333-8FDC-42A3-9474-1A3956D46DE8}") = "Libraries", "Libraries", "{C4CADBE5-3BCA-4CE5-B74A-787568A60526}"
EndProject
Project("{9A19103F-16F7-4668-BE54-9A1E7A4F7556}") = "EnigmatiKreations.Framework.ApiManager", "Libraries\EnigmatiKreations.Framework\EnigmatiKreations.Framework.ApiManager\EnigmatiKreations.Framework.ApiManager.csproj", "{FF6DC6B2-71A6-407C-9581-86A427B0D9CE}"
EndProject
Project("{9A19103F-16F7-4668-BE54-9A1E7A4F7556}") = "Randomizer.Framework.Models", "Libraries\Randomizer.Framework\Randomizer.Framework.Models\Randomizer.Framework.Models.csproj", "{AFF1989A-51C7-4405-90EF-5D058F8D628C}"
EndProject
Project("{9A19103F-16F7-4668-BE54-9A1E7A4F7556}") = "EnigmatiKreations.Framework.Persistence", "Libraries\EnigmatiKreations.Framework\EnigmatiKreations.Framework.Persistence\EnigmatiKreations.Framework.Persistence.csproj", "{E8D1C19A-4A3D-4A86-ADB4-5E0691F37913}"
EndProject
Project("{9A19103F-16F7-4668-BE54-9A1E7A4F7556}") = "Randomizer.Framework.ViewModels", "Libraries\Randomizer.Framework\Randomizer.Framework.ViewModels\Randomizer.Framework.ViewModels.csproj", "{85AD9EA1-8075-47ED-816E-6746CAB77CEE}"
EndProject
Project("{9A19103F-16F7-4668-BE54-9A1E7A4F7556}") = "EnigmatiKreations.Framework.Controls", "Libraries\EnigmatiKreations.Framework\EnigmatiKreations.Framework.Controls\EnigmatiKreations.Framework.Controls.csproj", "{4F38E398-EDB3-4BC2-A33C-DBEC273C1FD6}"
EndProject
Project("{9A19103F-16F7-4668-BE54-9A1E7A4F7556}") = "EnigmatiKreations.Framework.Utils", "Libraries\EnigmatiKreations.Framework\EnigmatiKreations.Framework.Utils\EnigmatiKreations.Framework.Utils.csproj", "{587D0A72-5291-4096-B60C-E566AF4B16F2}"
EndProject
Project("{2150E333-8FDC-42A3-9474-1A3956D46DE8}") = "Tests", "Tests", "{3CBED132-5420-4842-B05C-E72E0C990E87}"
EndProject
Project("{9A19103F-16F7-4668-BE54-9A1E7A4F7556}") = "Randomizer.Tests.Model", "Tests\Randomizer.Tests\Randomizer.Tests.Model\Randomizer.Tests.Model.csproj", "{003CEB3B-8004-4480-A0A9-A5C8102AFD45}"
EndProject
Project("{9A19103F-16F7-4668-BE54-9A1E7A4F7556}") = "Randomizer.Tests.ViewModels", "Tests\Randomizer.Tests\Randomizer.Tests.ViewModels\Randomizer.Tests.ViewModels.csproj", "{90710E94-3E79-4F59-AF6B-2FD3B3ECF49F}"
EndProject
Project("{9A19103F-16F7-4668-BE54-9A1E7A4F7556}") = "Randomizer.Framework.Services", "Libraries\Randomizer.Framework\Randomizer.Framework.Services\Randomizer.Framework.Services.csproj", "{2AE44201-2368-4D3A-9F76-E85912B20112}"
EndProject
Project("{2150E333-8FDC-42A3-9474-1A3956D46DE8}") = "Unit Tests", "Unit Tests", "{2C377F4E-680A-4556-BA2A-82F4D825C0A8}"
EndProject
Project("{2150E333-8FDC-42A3-9474-1A3956D46DE8}") = "UI Tests", "UI Tests", "{B36C5923-FFF3-4FF4-A122-D8A92D20A7A5}"
EndProject
Project("{FAE04EC0-301F-11D3-BF4B-00C04F79EFBC}") = "Randomizer.UITests", "Tests\Randomizer.UITests\Randomizer.UITests.csproj", "{8617C5FC-B555-4E2D-8F5F-C4E6172C8A39}"
EndProject
Project("{9A19103F-16F7-4668-BE54-9A1E7A4F7556}") = "Randomizer.Tests.Common", "Tests\Randomizer.Tests\Randomizer.Tests.CommonTestData\Randomizer.Tests.Common.csproj", "{2922A359-4D8A-4DE5-AA29-E55B1A7C2185}"
EndProject
Project("{9A19103F-16F7-4668-BE54-9A1E7A4F7556}") = "EnigmatiKreations.Framework.Managers", "Libraries\EnigmatiKreations.Framework\EnigmatiKreations.Framework.Managers\EnigmatiKreations.Framework.Managers.csproj", "{1559E509-F25E-40CD-B929-AECCA06ABF62}"
EndProject
Project("{2150E333-8FDC-42A3-9474-1A3956D46DE8}") = "App", "App", "{C164EF40-5C28-41B9-ABE0-DCFF526536FC}"
EndProject
Project("{2150E333-8FDC-42A3-9474-1A3956D46DE8}") = "Randomizer.Framework", "Randomizer.Framework", "{2906B7AB-1B05-4059-8D20-A289A27FAD90}"
EndProject
Project("{9A19103F-16F7-4668-BE54-9A1E7A4F7556}") = "EnigmatiKreations.Framework.MVVM", "Libraries\EnigmatiKreations.Framework\EnigmatiKreations.Framework.MVVM\EnigmatiKreations.Framework.MVVM.csproj", "{469A31C2-4C6D-417B-84BB-7B4E1FBB1C4A}"
EndProject
Project("{9A19103F-16F7-4668-BE54-9A1E7A4F7556}") = "Randomizer.Framework.Persistence", "Libraries\Randomizer.Framework\Randomizer.Framework.Persistence\Randomizer.Framework.Persistence.csproj", "{F1C40BA5-41A3-4D67-8EFE-F5431A599502}"
EndProject
Project("{9A19103F-16F7-4668-BE54-9A1E7A4F7556}") = "Randomizer.Tests.Persistence", "Tests\Randomizer.Tests\Randomizer.Tests.Persistence\Randomizer.Tests.Persistence.csproj", "{EC1A0EBE-D2AF-48BC-A375-B38FA27BB17E}"
EndProject
Project("{9A19103F-16F7-4668-BE54-9A1E7A4F7556}") = "Randomizer.Framework.Pages", "Libraries\Randomizer.Framework\Randomizer.Framework.Pages\Randomizer.Framework.Pages.csproj", "{E2783ABE-4445-462C-901C-30F7B6366667}"
EndProject
Project("{2150E333-8FDC-42A3-9474-1A3956D46DE8}") = "Integration Tests", "Integration Tests", "{E2F49A79-8ECE-4D82-B40B-32330C429EE7}"
EndProject
Project("{9A19103F-16F7-4668-BE54-9A1E7A4F7556}") = "Randomizer.Tests.Integration.PageViewModels", "Tests\Randomizer.Tests.Integration\Randomizer.Tests.Integration.PageViewModels\Randomizer.Tests.Integration.PageViewModels.csproj", "{97E3C76C-D1DF-4AFE-B71B-ED662C60F4CB}"
EndProject
Project("{2150E333-8FDC-42A3-9474-1A3956D46DE8}") = "Solution Items", "Solution Items", "{EF27F9AC-1447-48DD-AFA7-2EF044A7FB6D}"
	ProjectSection(SolutionItems) = preProject
		.editorconfig = .editorconfig
		global.json = global.json
	EndProjectSection
EndProject
Project("{2150E333-8FDC-42A3-9474-1A3956D46DE8}") = "Controls Gallery", "Controls Gallery", "{DAC97999-D965-41CA-A12A-DA75037ACB68}"
EndProject
Project("{FAE04EC0-301F-11D3-BF4B-00C04F79EFBC}") = "ControlsGallery.Android", "Controls Gallery\ControlsGallery\ControlsGallery.Android\ControlsGallery.Android.csproj", "{7A3D86C8-5B24-4060-84DD-D2F80A86D50A}"
EndProject
Project("{FAE04EC0-301F-11D3-BF4B-00C04F79EFBC}") = "ControlsGallery.iOS", "Controls Gallery\ControlsGallery\ControlsGallery.iOS\ControlsGallery.iOS.csproj", "{D8B13645-CDCB-4C96-A0F4-3D189112F02C}"
EndProject
Project("{9A19103F-16F7-4668-BE54-9A1E7A4F7556}") = "ControlsGallery", "Controls Gallery\ControlsGallery\ControlsGallery\ControlsGallery.csproj", "{56ACE976-BAB0-45DC-80C6-3567F8CC8B31}"
EndProject
Project("{2150E333-8FDC-42A3-9474-1A3956D46DE8}") = "Targets", "Targets", "{C922E52E-F199-4F92-BF67-9A8856850B56}"
EndProject
Global
	GlobalSection(SolutionConfigurationPlatforms) = preSolution
		Debug|Any CPU = Debug|Any CPU
		Debug|ARM = Debug|ARM
		Debug|iPhone = Debug|iPhone
		Debug|iPhoneSimulator = Debug|iPhoneSimulator
		Debug|x64 = Debug|x64
		Debug|x86 = Debug|x86
		Release|Any CPU = Release|Any CPU
		Release|ARM = Release|ARM
		Release|iPhone = Release|iPhone
		Release|iPhoneSimulator = Release|iPhoneSimulator
		Release|x64 = Release|x64
		Release|x86 = Release|x86
	EndGlobalSection
	GlobalSection(ProjectConfigurationPlatforms) = postSolution
		{F463B4A7-28AC-4BD0-9187-81FEF1BC660F}.Debug|Any CPU.ActiveCfg = Debug|Any CPU
		{F463B4A7-28AC-4BD0-9187-81FEF1BC660F}.Debug|Any CPU.Build.0 = Debug|Any CPU
		{F463B4A7-28AC-4BD0-9187-81FEF1BC660F}.Debug|Any CPU.Deploy.0 = Debug|Any CPU
		{F463B4A7-28AC-4BD0-9187-81FEF1BC660F}.Debug|ARM.ActiveCfg = Debug|Any CPU
		{F463B4A7-28AC-4BD0-9187-81FEF1BC660F}.Debug|ARM.Build.0 = Debug|Any CPU
		{F463B4A7-28AC-4BD0-9187-81FEF1BC660F}.Debug|ARM.Deploy.0 = Debug|Any CPU
		{F463B4A7-28AC-4BD0-9187-81FEF1BC660F}.Debug|iPhone.ActiveCfg = Debug|Any CPU
		{F463B4A7-28AC-4BD0-9187-81FEF1BC660F}.Debug|iPhone.Build.0 = Debug|Any CPU
		{F463B4A7-28AC-4BD0-9187-81FEF1BC660F}.Debug|iPhone.Deploy.0 = Debug|Any CPU
		{F463B4A7-28AC-4BD0-9187-81FEF1BC660F}.Debug|iPhoneSimulator.ActiveCfg = Debug|Any CPU
		{F463B4A7-28AC-4BD0-9187-81FEF1BC660F}.Debug|iPhoneSimulator.Build.0 = Debug|Any CPU
		{F463B4A7-28AC-4BD0-9187-81FEF1BC660F}.Debug|iPhoneSimulator.Deploy.0 = Debug|Any CPU
		{F463B4A7-28AC-4BD0-9187-81FEF1BC660F}.Debug|x64.ActiveCfg = Debug|Any CPU
		{F463B4A7-28AC-4BD0-9187-81FEF1BC660F}.Debug|x64.Build.0 = Debug|Any CPU
		{F463B4A7-28AC-4BD0-9187-81FEF1BC660F}.Debug|x64.Deploy.0 = Debug|Any CPU
		{F463B4A7-28AC-4BD0-9187-81FEF1BC660F}.Debug|x86.ActiveCfg = Debug|Any CPU
		{F463B4A7-28AC-4BD0-9187-81FEF1BC660F}.Debug|x86.Build.0 = Debug|Any CPU
		{F463B4A7-28AC-4BD0-9187-81FEF1BC660F}.Debug|x86.Deploy.0 = Debug|Any CPU
		{F463B4A7-28AC-4BD0-9187-81FEF1BC660F}.Release|Any CPU.ActiveCfg = Release|Any CPU
		{F463B4A7-28AC-4BD0-9187-81FEF1BC660F}.Release|Any CPU.Build.0 = Release|Any CPU
		{F463B4A7-28AC-4BD0-9187-81FEF1BC660F}.Release|Any CPU.Deploy.0 = Release|Any CPU
		{F463B4A7-28AC-4BD0-9187-81FEF1BC660F}.Release|ARM.ActiveCfg = Release|Any CPU
		{F463B4A7-28AC-4BD0-9187-81FEF1BC660F}.Release|ARM.Build.0 = Release|Any CPU
		{F463B4A7-28AC-4BD0-9187-81FEF1BC660F}.Release|ARM.Deploy.0 = Release|Any CPU
		{F463B4A7-28AC-4BD0-9187-81FEF1BC660F}.Release|iPhone.ActiveCfg = Release|Any CPU
		{F463B4A7-28AC-4BD0-9187-81FEF1BC660F}.Release|iPhone.Build.0 = Release|Any CPU
		{F463B4A7-28AC-4BD0-9187-81FEF1BC660F}.Release|iPhone.Deploy.0 = Release|Any CPU
		{F463B4A7-28AC-4BD0-9187-81FEF1BC660F}.Release|iPhoneSimulator.ActiveCfg = Release|Any CPU
		{F463B4A7-28AC-4BD0-9187-81FEF1BC660F}.Release|iPhoneSimulator.Build.0 = Release|Any CPU
		{F463B4A7-28AC-4BD0-9187-81FEF1BC660F}.Release|iPhoneSimulator.Deploy.0 = Release|Any CPU
		{F463B4A7-28AC-4BD0-9187-81FEF1BC660F}.Release|x64.ActiveCfg = Release|Any CPU
		{F463B4A7-28AC-4BD0-9187-81FEF1BC660F}.Release|x64.Build.0 = Release|Any CPU
		{F463B4A7-28AC-4BD0-9187-81FEF1BC660F}.Release|x64.Deploy.0 = Release|Any CPU
		{F463B4A7-28AC-4BD0-9187-81FEF1BC660F}.Release|x86.ActiveCfg = Release|Any CPU
		{F463B4A7-28AC-4BD0-9187-81FEF1BC660F}.Release|x86.Build.0 = Release|Any CPU
		{F463B4A7-28AC-4BD0-9187-81FEF1BC660F}.Release|x86.Deploy.0 = Release|Any CPU
		{8D0AB41F-C5AC-41AC-838C-B360B08BAACF}.Debug|Any CPU.ActiveCfg = Debug|iPhoneSimulator
		{8D0AB41F-C5AC-41AC-838C-B360B08BAACF}.Debug|Any CPU.Build.0 = Debug|iPhoneSimulator
		{8D0AB41F-C5AC-41AC-838C-B360B08BAACF}.Debug|Any CPU.Deploy.0 = Debug|iPhoneSimulator
		{8D0AB41F-C5AC-41AC-838C-B360B08BAACF}.Debug|ARM.ActiveCfg = Debug|iPhone
		{8D0AB41F-C5AC-41AC-838C-B360B08BAACF}.Debug|iPhone.ActiveCfg = Debug|iPhone
		{8D0AB41F-C5AC-41AC-838C-B360B08BAACF}.Debug|iPhone.Build.0 = Debug|iPhone
		{8D0AB41F-C5AC-41AC-838C-B360B08BAACF}.Debug|iPhone.Deploy.0 = Debug|iPhone
		{8D0AB41F-C5AC-41AC-838C-B360B08BAACF}.Debug|iPhoneSimulator.ActiveCfg = Debug|iPhoneSimulator
		{8D0AB41F-C5AC-41AC-838C-B360B08BAACF}.Debug|iPhoneSimulator.Deploy.0 = Debug|iPhoneSimulator
		{8D0AB41F-C5AC-41AC-838C-B360B08BAACF}.Debug|x64.ActiveCfg = Debug|iPhone
		{8D0AB41F-C5AC-41AC-838C-B360B08BAACF}.Debug|x86.ActiveCfg = Debug|iPhone
		{8D0AB41F-C5AC-41AC-838C-B360B08BAACF}.Release|Any CPU.ActiveCfg = Release|iPhone
		{8D0AB41F-C5AC-41AC-838C-B360B08BAACF}.Release|Any CPU.Build.0 = Release|iPhone
		{8D0AB41F-C5AC-41AC-838C-B360B08BAACF}.Release|Any CPU.Deploy.0 = Release|iPhone
		{8D0AB41F-C5AC-41AC-838C-B360B08BAACF}.Release|ARM.ActiveCfg = Release|iPhoneSimulator
		{8D0AB41F-C5AC-41AC-838C-B360B08BAACF}.Release|iPhone.ActiveCfg = Release|iPhone
		{8D0AB41F-C5AC-41AC-838C-B360B08BAACF}.Release|iPhone.Build.0 = Release|iPhone
		{8D0AB41F-C5AC-41AC-838C-B360B08BAACF}.Release|iPhone.Deploy.0 = Release|iPhone
		{8D0AB41F-C5AC-41AC-838C-B360B08BAACF}.Release|iPhoneSimulator.ActiveCfg = Release|iPhoneSimulator
		{8D0AB41F-C5AC-41AC-838C-B360B08BAACF}.Release|iPhoneSimulator.Build.0 = Release|iPhoneSimulator
		{8D0AB41F-C5AC-41AC-838C-B360B08BAACF}.Release|iPhoneSimulator.Deploy.0 = Release|iPhoneSimulator
		{8D0AB41F-C5AC-41AC-838C-B360B08BAACF}.Release|x64.ActiveCfg = Release|iPhoneSimulator
		{8D0AB41F-C5AC-41AC-838C-B360B08BAACF}.Release|x86.ActiveCfg = Release|iPhoneSimulator
		{3722FBFC-9C51-490B-8178-519395C4E0D5}.Debug|Any CPU.ActiveCfg = Debug|Any CPU
		{3722FBFC-9C51-490B-8178-519395C4E0D5}.Debug|Any CPU.Build.0 = Debug|Any CPU
		{3722FBFC-9C51-490B-8178-519395C4E0D5}.Debug|Any CPU.Deploy.0 = Debug|Any CPU
		{3722FBFC-9C51-490B-8178-519395C4E0D5}.Debug|ARM.ActiveCfg = Debug|Any CPU
		{3722FBFC-9C51-490B-8178-519395C4E0D5}.Debug|ARM.Build.0 = Debug|Any CPU
		{3722FBFC-9C51-490B-8178-519395C4E0D5}.Debug|iPhone.ActiveCfg = Debug|Any CPU
		{3722FBFC-9C51-490B-8178-519395C4E0D5}.Debug|iPhone.Build.0 = Debug|Any CPU
		{3722FBFC-9C51-490B-8178-519395C4E0D5}.Debug|iPhone.Deploy.0 = Debug|Any CPU
		{3722FBFC-9C51-490B-8178-519395C4E0D5}.Debug|iPhoneSimulator.ActiveCfg = Debug|Any CPU
		{3722FBFC-9C51-490B-8178-519395C4E0D5}.Debug|iPhoneSimulator.Build.0 = Debug|Any CPU
		{3722FBFC-9C51-490B-8178-519395C4E0D5}.Debug|iPhoneSimulator.Deploy.0 = Debug|Any CPU
		{3722FBFC-9C51-490B-8178-519395C4E0D5}.Debug|x64.ActiveCfg = Debug|Any CPU
		{3722FBFC-9C51-490B-8178-519395C4E0D5}.Debug|x64.Build.0 = Debug|Any CPU
		{3722FBFC-9C51-490B-8178-519395C4E0D5}.Debug|x86.ActiveCfg = Debug|Any CPU
		{3722FBFC-9C51-490B-8178-519395C4E0D5}.Debug|x86.Build.0 = Debug|Any CPU
		{3722FBFC-9C51-490B-8178-519395C4E0D5}.Release|Any CPU.ActiveCfg = Release|Any CPU
		{3722FBFC-9C51-490B-8178-519395C4E0D5}.Release|Any CPU.Build.0 = Release|Any CPU
		{3722FBFC-9C51-490B-8178-519395C4E0D5}.Release|Any CPU.Deploy.0 = Release|Any CPU
		{3722FBFC-9C51-490B-8178-519395C4E0D5}.Release|ARM.ActiveCfg = Release|Any CPU
		{3722FBFC-9C51-490B-8178-519395C4E0D5}.Release|ARM.Build.0 = Release|Any CPU
		{3722FBFC-9C51-490B-8178-519395C4E0D5}.Release|iPhone.ActiveCfg = Release|Any CPU
		{3722FBFC-9C51-490B-8178-519395C4E0D5}.Release|iPhone.Build.0 = Release|Any CPU
		{3722FBFC-9C51-490B-8178-519395C4E0D5}.Release|iPhone.Deploy.0 = Release|Any CPU
		{3722FBFC-9C51-490B-8178-519395C4E0D5}.Release|iPhoneSimulator.ActiveCfg = Release|Any CPU
		{3722FBFC-9C51-490B-8178-519395C4E0D5}.Release|iPhoneSimulator.Build.0 = Release|Any CPU
		{3722FBFC-9C51-490B-8178-519395C4E0D5}.Release|iPhoneSimulator.Deploy.0 = Release|Any CPU
		{3722FBFC-9C51-490B-8178-519395C4E0D5}.Release|x64.ActiveCfg = Release|Any CPU
		{3722FBFC-9C51-490B-8178-519395C4E0D5}.Release|x64.Build.0 = Release|Any CPU
		{3722FBFC-9C51-490B-8178-519395C4E0D5}.Release|x86.ActiveCfg = Release|Any CPU
		{3722FBFC-9C51-490B-8178-519395C4E0D5}.Release|x86.Build.0 = Release|Any CPU
		{FF6DC6B2-71A6-407C-9581-86A427B0D9CE}.Debug|Any CPU.ActiveCfg = Debug|Any CPU
		{FF6DC6B2-71A6-407C-9581-86A427B0D9CE}.Debug|Any CPU.Build.0 = Debug|Any CPU
		{FF6DC6B2-71A6-407C-9581-86A427B0D9CE}.Debug|ARM.ActiveCfg = Debug|Any CPU
		{FF6DC6B2-71A6-407C-9581-86A427B0D9CE}.Debug|ARM.Build.0 = Debug|Any CPU
		{FF6DC6B2-71A6-407C-9581-86A427B0D9CE}.Debug|iPhone.ActiveCfg = Debug|Any CPU
		{FF6DC6B2-71A6-407C-9581-86A427B0D9CE}.Debug|iPhone.Build.0 = Debug|Any CPU
		{FF6DC6B2-71A6-407C-9581-86A427B0D9CE}.Debug|iPhoneSimulator.ActiveCfg = Debug|Any CPU
		{FF6DC6B2-71A6-407C-9581-86A427B0D9CE}.Debug|iPhoneSimulator.Build.0 = Debug|Any CPU
		{FF6DC6B2-71A6-407C-9581-86A427B0D9CE}.Debug|x64.ActiveCfg = Debug|Any CPU
		{FF6DC6B2-71A6-407C-9581-86A427B0D9CE}.Debug|x64.Build.0 = Debug|Any CPU
		{FF6DC6B2-71A6-407C-9581-86A427B0D9CE}.Debug|x86.ActiveCfg = Debug|Any CPU
		{FF6DC6B2-71A6-407C-9581-86A427B0D9CE}.Debug|x86.Build.0 = Debug|Any CPU
		{FF6DC6B2-71A6-407C-9581-86A427B0D9CE}.Release|Any CPU.ActiveCfg = Release|Any CPU
		{FF6DC6B2-71A6-407C-9581-86A427B0D9CE}.Release|Any CPU.Build.0 = Release|Any CPU
		{FF6DC6B2-71A6-407C-9581-86A427B0D9CE}.Release|ARM.ActiveCfg = Release|Any CPU
		{FF6DC6B2-71A6-407C-9581-86A427B0D9CE}.Release|ARM.Build.0 = Release|Any CPU
		{FF6DC6B2-71A6-407C-9581-86A427B0D9CE}.Release|iPhone.ActiveCfg = Release|Any CPU
		{FF6DC6B2-71A6-407C-9581-86A427B0D9CE}.Release|iPhone.Build.0 = Release|Any CPU
		{FF6DC6B2-71A6-407C-9581-86A427B0D9CE}.Release|iPhoneSimulator.ActiveCfg = Release|Any CPU
		{FF6DC6B2-71A6-407C-9581-86A427B0D9CE}.Release|iPhoneSimulator.Build.0 = Release|Any CPU
		{FF6DC6B2-71A6-407C-9581-86A427B0D9CE}.Release|x64.ActiveCfg = Release|Any CPU
		{FF6DC6B2-71A6-407C-9581-86A427B0D9CE}.Release|x64.Build.0 = Release|Any CPU
		{FF6DC6B2-71A6-407C-9581-86A427B0D9CE}.Release|x86.ActiveCfg = Release|Any CPU
		{FF6DC6B2-71A6-407C-9581-86A427B0D9CE}.Release|x86.Build.0 = Release|Any CPU
		{AFF1989A-51C7-4405-90EF-5D058F8D628C}.Debug|Any CPU.ActiveCfg = Debug|Any CPU
		{AFF1989A-51C7-4405-90EF-5D058F8D628C}.Debug|Any CPU.Build.0 = Debug|Any CPU
		{AFF1989A-51C7-4405-90EF-5D058F8D628C}.Debug|ARM.ActiveCfg = Debug|Any CPU
		{AFF1989A-51C7-4405-90EF-5D058F8D628C}.Debug|ARM.Build.0 = Debug|Any CPU
		{AFF1989A-51C7-4405-90EF-5D058F8D628C}.Debug|iPhone.ActiveCfg = Debug|Any CPU
		{AFF1989A-51C7-4405-90EF-5D058F8D628C}.Debug|iPhone.Build.0 = Debug|Any CPU
		{AFF1989A-51C7-4405-90EF-5D058F8D628C}.Debug|iPhoneSimulator.ActiveCfg = Debug|Any CPU
		{AFF1989A-51C7-4405-90EF-5D058F8D628C}.Debug|iPhoneSimulator.Build.0 = Debug|Any CPU
		{AFF1989A-51C7-4405-90EF-5D058F8D628C}.Debug|x64.ActiveCfg = Debug|Any CPU
		{AFF1989A-51C7-4405-90EF-5D058F8D628C}.Debug|x64.Build.0 = Debug|Any CPU
		{AFF1989A-51C7-4405-90EF-5D058F8D628C}.Debug|x86.ActiveCfg = Debug|Any CPU
		{AFF1989A-51C7-4405-90EF-5D058F8D628C}.Debug|x86.Build.0 = Debug|Any CPU
		{AFF1989A-51C7-4405-90EF-5D058F8D628C}.Release|Any CPU.ActiveCfg = Release|Any CPU
		{AFF1989A-51C7-4405-90EF-5D058F8D628C}.Release|Any CPU.Build.0 = Release|Any CPU
		{AFF1989A-51C7-4405-90EF-5D058F8D628C}.Release|ARM.ActiveCfg = Release|Any CPU
		{AFF1989A-51C7-4405-90EF-5D058F8D628C}.Release|ARM.Build.0 = Release|Any CPU
		{AFF1989A-51C7-4405-90EF-5D058F8D628C}.Release|iPhone.ActiveCfg = Release|Any CPU
		{AFF1989A-51C7-4405-90EF-5D058F8D628C}.Release|iPhone.Build.0 = Release|Any CPU
		{AFF1989A-51C7-4405-90EF-5D058F8D628C}.Release|iPhoneSimulator.ActiveCfg = Release|Any CPU
		{AFF1989A-51C7-4405-90EF-5D058F8D628C}.Release|iPhoneSimulator.Build.0 = Release|Any CPU
		{AFF1989A-51C7-4405-90EF-5D058F8D628C}.Release|x64.ActiveCfg = Release|Any CPU
		{AFF1989A-51C7-4405-90EF-5D058F8D628C}.Release|x64.Build.0 = Release|Any CPU
		{AFF1989A-51C7-4405-90EF-5D058F8D628C}.Release|x86.ActiveCfg = Release|Any CPU
		{AFF1989A-51C7-4405-90EF-5D058F8D628C}.Release|x86.Build.0 = Release|Any CPU
		{E8D1C19A-4A3D-4A86-ADB4-5E0691F37913}.Debug|Any CPU.ActiveCfg = Debug|Any CPU
		{E8D1C19A-4A3D-4A86-ADB4-5E0691F37913}.Debug|Any CPU.Build.0 = Debug|Any CPU
		{E8D1C19A-4A3D-4A86-ADB4-5E0691F37913}.Debug|ARM.ActiveCfg = Debug|Any CPU
		{E8D1C19A-4A3D-4A86-ADB4-5E0691F37913}.Debug|ARM.Build.0 = Debug|Any CPU
		{E8D1C19A-4A3D-4A86-ADB4-5E0691F37913}.Debug|iPhone.ActiveCfg = Debug|Any CPU
		{E8D1C19A-4A3D-4A86-ADB4-5E0691F37913}.Debug|iPhone.Build.0 = Debug|Any CPU
		{E8D1C19A-4A3D-4A86-ADB4-5E0691F37913}.Debug|iPhoneSimulator.ActiveCfg = Debug|Any CPU
		{E8D1C19A-4A3D-4A86-ADB4-5E0691F37913}.Debug|iPhoneSimulator.Build.0 = Debug|Any CPU
		{E8D1C19A-4A3D-4A86-ADB4-5E0691F37913}.Debug|x64.ActiveCfg = Debug|Any CPU
		{E8D1C19A-4A3D-4A86-ADB4-5E0691F37913}.Debug|x64.Build.0 = Debug|Any CPU
		{E8D1C19A-4A3D-4A86-ADB4-5E0691F37913}.Debug|x86.ActiveCfg = Debug|Any CPU
		{E8D1C19A-4A3D-4A86-ADB4-5E0691F37913}.Debug|x86.Build.0 = Debug|Any CPU
		{E8D1C19A-4A3D-4A86-ADB4-5E0691F37913}.Release|Any CPU.ActiveCfg = Release|Any CPU
		{E8D1C19A-4A3D-4A86-ADB4-5E0691F37913}.Release|Any CPU.Build.0 = Release|Any CPU
		{E8D1C19A-4A3D-4A86-ADB4-5E0691F37913}.Release|ARM.ActiveCfg = Release|Any CPU
		{E8D1C19A-4A3D-4A86-ADB4-5E0691F37913}.Release|ARM.Build.0 = Release|Any CPU
		{E8D1C19A-4A3D-4A86-ADB4-5E0691F37913}.Release|iPhone.ActiveCfg = Release|Any CPU
		{E8D1C19A-4A3D-4A86-ADB4-5E0691F37913}.Release|iPhone.Build.0 = Release|Any CPU
		{E8D1C19A-4A3D-4A86-ADB4-5E0691F37913}.Release|iPhoneSimulator.ActiveCfg = Release|Any CPU
		{E8D1C19A-4A3D-4A86-ADB4-5E0691F37913}.Release|iPhoneSimulator.Build.0 = Release|Any CPU
		{E8D1C19A-4A3D-4A86-ADB4-5E0691F37913}.Release|x64.ActiveCfg = Release|Any CPU
		{E8D1C19A-4A3D-4A86-ADB4-5E0691F37913}.Release|x64.Build.0 = Release|Any CPU
		{E8D1C19A-4A3D-4A86-ADB4-5E0691F37913}.Release|x86.ActiveCfg = Release|Any CPU
		{E8D1C19A-4A3D-4A86-ADB4-5E0691F37913}.Release|x86.Build.0 = Release|Any CPU
		{85AD9EA1-8075-47ED-816E-6746CAB77CEE}.Debug|Any CPU.ActiveCfg = Debug|Any CPU
		{85AD9EA1-8075-47ED-816E-6746CAB77CEE}.Debug|Any CPU.Build.0 = Debug|Any CPU
		{85AD9EA1-8075-47ED-816E-6746CAB77CEE}.Debug|ARM.ActiveCfg = Debug|Any CPU
		{85AD9EA1-8075-47ED-816E-6746CAB77CEE}.Debug|ARM.Build.0 = Debug|Any CPU
		{85AD9EA1-8075-47ED-816E-6746CAB77CEE}.Debug|iPhone.ActiveCfg = Debug|Any CPU
		{85AD9EA1-8075-47ED-816E-6746CAB77CEE}.Debug|iPhone.Build.0 = Debug|Any CPU
		{85AD9EA1-8075-47ED-816E-6746CAB77CEE}.Debug|iPhoneSimulator.ActiveCfg = Debug|Any CPU
		{85AD9EA1-8075-47ED-816E-6746CAB77CEE}.Debug|iPhoneSimulator.Build.0 = Debug|Any CPU
		{85AD9EA1-8075-47ED-816E-6746CAB77CEE}.Debug|x64.ActiveCfg = Debug|Any CPU
		{85AD9EA1-8075-47ED-816E-6746CAB77CEE}.Debug|x64.Build.0 = Debug|Any CPU
		{85AD9EA1-8075-47ED-816E-6746CAB77CEE}.Debug|x86.ActiveCfg = Debug|Any CPU
		{85AD9EA1-8075-47ED-816E-6746CAB77CEE}.Debug|x86.Build.0 = Debug|Any CPU
		{85AD9EA1-8075-47ED-816E-6746CAB77CEE}.Release|Any CPU.ActiveCfg = Release|Any CPU
		{85AD9EA1-8075-47ED-816E-6746CAB77CEE}.Release|Any CPU.Build.0 = Release|Any CPU
		{85AD9EA1-8075-47ED-816E-6746CAB77CEE}.Release|ARM.ActiveCfg = Release|Any CPU
		{85AD9EA1-8075-47ED-816E-6746CAB77CEE}.Release|ARM.Build.0 = Release|Any CPU
		{85AD9EA1-8075-47ED-816E-6746CAB77CEE}.Release|iPhone.ActiveCfg = Release|Any CPU
		{85AD9EA1-8075-47ED-816E-6746CAB77CEE}.Release|iPhone.Build.0 = Release|Any CPU
		{85AD9EA1-8075-47ED-816E-6746CAB77CEE}.Release|iPhoneSimulator.ActiveCfg = Release|Any CPU
		{85AD9EA1-8075-47ED-816E-6746CAB77CEE}.Release|iPhoneSimulator.Build.0 = Release|Any CPU
		{85AD9EA1-8075-47ED-816E-6746CAB77CEE}.Release|x64.ActiveCfg = Release|Any CPU
		{85AD9EA1-8075-47ED-816E-6746CAB77CEE}.Release|x64.Build.0 = Release|Any CPU
		{85AD9EA1-8075-47ED-816E-6746CAB77CEE}.Release|x86.ActiveCfg = Release|Any CPU
		{85AD9EA1-8075-47ED-816E-6746CAB77CEE}.Release|x86.Build.0 = Release|Any CPU
		{4F38E398-EDB3-4BC2-A33C-DBEC273C1FD6}.Debug|Any CPU.ActiveCfg = Debug|Any CPU
		{4F38E398-EDB3-4BC2-A33C-DBEC273C1FD6}.Debug|Any CPU.Build.0 = Debug|Any CPU
		{4F38E398-EDB3-4BC2-A33C-DBEC273C1FD6}.Debug|ARM.ActiveCfg = Debug|Any CPU
		{4F38E398-EDB3-4BC2-A33C-DBEC273C1FD6}.Debug|ARM.Build.0 = Debug|Any CPU
		{4F38E398-EDB3-4BC2-A33C-DBEC273C1FD6}.Debug|iPhone.ActiveCfg = Debug|Any CPU
		{4F38E398-EDB3-4BC2-A33C-DBEC273C1FD6}.Debug|iPhone.Build.0 = Debug|Any CPU
		{4F38E398-EDB3-4BC2-A33C-DBEC273C1FD6}.Debug|iPhoneSimulator.ActiveCfg = Debug|Any CPU
		{4F38E398-EDB3-4BC2-A33C-DBEC273C1FD6}.Debug|iPhoneSimulator.Build.0 = Debug|Any CPU
		{4F38E398-EDB3-4BC2-A33C-DBEC273C1FD6}.Debug|x64.ActiveCfg = Debug|Any CPU
		{4F38E398-EDB3-4BC2-A33C-DBEC273C1FD6}.Debug|x64.Build.0 = Debug|Any CPU
		{4F38E398-EDB3-4BC2-A33C-DBEC273C1FD6}.Debug|x86.ActiveCfg = Debug|Any CPU
		{4F38E398-EDB3-4BC2-A33C-DBEC273C1FD6}.Debug|x86.Build.0 = Debug|Any CPU
		{4F38E398-EDB3-4BC2-A33C-DBEC273C1FD6}.Release|Any CPU.ActiveCfg = Release|Any CPU
		{4F38E398-EDB3-4BC2-A33C-DBEC273C1FD6}.Release|Any CPU.Build.0 = Release|Any CPU
		{4F38E398-EDB3-4BC2-A33C-DBEC273C1FD6}.Release|ARM.ActiveCfg = Release|Any CPU
		{4F38E398-EDB3-4BC2-A33C-DBEC273C1FD6}.Release|ARM.Build.0 = Release|Any CPU
		{4F38E398-EDB3-4BC2-A33C-DBEC273C1FD6}.Release|iPhone.ActiveCfg = Release|Any CPU
		{4F38E398-EDB3-4BC2-A33C-DBEC273C1FD6}.Release|iPhone.Build.0 = Release|Any CPU
		{4F38E398-EDB3-4BC2-A33C-DBEC273C1FD6}.Release|iPhoneSimulator.ActiveCfg = Release|Any CPU
		{4F38E398-EDB3-4BC2-A33C-DBEC273C1FD6}.Release|iPhoneSimulator.Build.0 = Release|Any CPU
		{4F38E398-EDB3-4BC2-A33C-DBEC273C1FD6}.Release|x64.ActiveCfg = Release|Any CPU
		{4F38E398-EDB3-4BC2-A33C-DBEC273C1FD6}.Release|x64.Build.0 = Release|Any CPU
		{4F38E398-EDB3-4BC2-A33C-DBEC273C1FD6}.Release|x86.ActiveCfg = Release|Any CPU
		{4F38E398-EDB3-4BC2-A33C-DBEC273C1FD6}.Release|x86.Build.0 = Release|Any CPU
		{587D0A72-5291-4096-B60C-E566AF4B16F2}.Debug|Any CPU.ActiveCfg = Debug|Any CPU
		{587D0A72-5291-4096-B60C-E566AF4B16F2}.Debug|Any CPU.Build.0 = Debug|Any CPU
		{587D0A72-5291-4096-B60C-E566AF4B16F2}.Debug|ARM.ActiveCfg = Debug|Any CPU
		{587D0A72-5291-4096-B60C-E566AF4B16F2}.Debug|ARM.Build.0 = Debug|Any CPU
		{587D0A72-5291-4096-B60C-E566AF4B16F2}.Debug|iPhone.ActiveCfg = Debug|Any CPU
		{587D0A72-5291-4096-B60C-E566AF4B16F2}.Debug|iPhone.Build.0 = Debug|Any CPU
		{587D0A72-5291-4096-B60C-E566AF4B16F2}.Debug|iPhoneSimulator.ActiveCfg = Debug|Any CPU
		{587D0A72-5291-4096-B60C-E566AF4B16F2}.Debug|iPhoneSimulator.Build.0 = Debug|Any CPU
		{587D0A72-5291-4096-B60C-E566AF4B16F2}.Debug|x64.ActiveCfg = Debug|Any CPU
		{587D0A72-5291-4096-B60C-E566AF4B16F2}.Debug|x64.Build.0 = Debug|Any CPU
		{587D0A72-5291-4096-B60C-E566AF4B16F2}.Debug|x86.ActiveCfg = Debug|Any CPU
		{587D0A72-5291-4096-B60C-E566AF4B16F2}.Debug|x86.Build.0 = Debug|Any CPU
		{587D0A72-5291-4096-B60C-E566AF4B16F2}.Release|Any CPU.ActiveCfg = Release|Any CPU
		{587D0A72-5291-4096-B60C-E566AF4B16F2}.Release|Any CPU.Build.0 = Release|Any CPU
		{587D0A72-5291-4096-B60C-E566AF4B16F2}.Release|ARM.ActiveCfg = Release|Any CPU
		{587D0A72-5291-4096-B60C-E566AF4B16F2}.Release|ARM.Build.0 = Release|Any CPU
		{587D0A72-5291-4096-B60C-E566AF4B16F2}.Release|iPhone.ActiveCfg = Release|Any CPU
		{587D0A72-5291-4096-B60C-E566AF4B16F2}.Release|iPhone.Build.0 = Release|Any CPU
		{587D0A72-5291-4096-B60C-E566AF4B16F2}.Release|iPhoneSimulator.ActiveCfg = Release|Any CPU
		{587D0A72-5291-4096-B60C-E566AF4B16F2}.Release|iPhoneSimulator.Build.0 = Release|Any CPU
		{587D0A72-5291-4096-B60C-E566AF4B16F2}.Release|x64.ActiveCfg = Release|Any CPU
		{587D0A72-5291-4096-B60C-E566AF4B16F2}.Release|x64.Build.0 = Release|Any CPU
		{587D0A72-5291-4096-B60C-E566AF4B16F2}.Release|x86.ActiveCfg = Release|Any CPU
		{587D0A72-5291-4096-B60C-E566AF4B16F2}.Release|x86.Build.0 = Release|Any CPU
		{003CEB3B-8004-4480-A0A9-A5C8102AFD45}.Debug|Any CPU.ActiveCfg = Debug|Any CPU
		{003CEB3B-8004-4480-A0A9-A5C8102AFD45}.Debug|Any CPU.Build.0 = Debug|Any CPU
		{003CEB3B-8004-4480-A0A9-A5C8102AFD45}.Debug|ARM.ActiveCfg = Debug|Any CPU
		{003CEB3B-8004-4480-A0A9-A5C8102AFD45}.Debug|ARM.Build.0 = Debug|Any CPU
		{003CEB3B-8004-4480-A0A9-A5C8102AFD45}.Debug|iPhone.ActiveCfg = Debug|Any CPU
		{003CEB3B-8004-4480-A0A9-A5C8102AFD45}.Debug|iPhone.Build.0 = Debug|Any CPU
		{003CEB3B-8004-4480-A0A9-A5C8102AFD45}.Debug|iPhoneSimulator.ActiveCfg = Debug|Any CPU
		{003CEB3B-8004-4480-A0A9-A5C8102AFD45}.Debug|iPhoneSimulator.Build.0 = Debug|Any CPU
		{003CEB3B-8004-4480-A0A9-A5C8102AFD45}.Debug|x64.ActiveCfg = Debug|Any CPU
		{003CEB3B-8004-4480-A0A9-A5C8102AFD45}.Debug|x64.Build.0 = Debug|Any CPU
		{003CEB3B-8004-4480-A0A9-A5C8102AFD45}.Debug|x86.ActiveCfg = Debug|Any CPU
		{003CEB3B-8004-4480-A0A9-A5C8102AFD45}.Debug|x86.Build.0 = Debug|Any CPU
		{003CEB3B-8004-4480-A0A9-A5C8102AFD45}.Release|Any CPU.ActiveCfg = Release|Any CPU
		{003CEB3B-8004-4480-A0A9-A5C8102AFD45}.Release|Any CPU.Build.0 = Release|Any CPU
		{003CEB3B-8004-4480-A0A9-A5C8102AFD45}.Release|ARM.ActiveCfg = Release|Any CPU
		{003CEB3B-8004-4480-A0A9-A5C8102AFD45}.Release|ARM.Build.0 = Release|Any CPU
		{003CEB3B-8004-4480-A0A9-A5C8102AFD45}.Release|iPhone.ActiveCfg = Release|Any CPU
		{003CEB3B-8004-4480-A0A9-A5C8102AFD45}.Release|iPhone.Build.0 = Release|Any CPU
		{003CEB3B-8004-4480-A0A9-A5C8102AFD45}.Release|iPhoneSimulator.ActiveCfg = Release|Any CPU
		{003CEB3B-8004-4480-A0A9-A5C8102AFD45}.Release|iPhoneSimulator.Build.0 = Release|Any CPU
		{003CEB3B-8004-4480-A0A9-A5C8102AFD45}.Release|x64.ActiveCfg = Release|Any CPU
		{003CEB3B-8004-4480-A0A9-A5C8102AFD45}.Release|x64.Build.0 = Release|Any CPU
		{003CEB3B-8004-4480-A0A9-A5C8102AFD45}.Release|x86.ActiveCfg = Release|Any CPU
		{003CEB3B-8004-4480-A0A9-A5C8102AFD45}.Release|x86.Build.0 = Release|Any CPU
		{90710E94-3E79-4F59-AF6B-2FD3B3ECF49F}.Debug|Any CPU.ActiveCfg = Debug|Any CPU
		{90710E94-3E79-4F59-AF6B-2FD3B3ECF49F}.Debug|Any CPU.Build.0 = Debug|Any CPU
		{90710E94-3E79-4F59-AF6B-2FD3B3ECF49F}.Debug|ARM.ActiveCfg = Debug|Any CPU
		{90710E94-3E79-4F59-AF6B-2FD3B3ECF49F}.Debug|ARM.Build.0 = Debug|Any CPU
		{90710E94-3E79-4F59-AF6B-2FD3B3ECF49F}.Debug|iPhone.ActiveCfg = Debug|Any CPU
		{90710E94-3E79-4F59-AF6B-2FD3B3ECF49F}.Debug|iPhone.Build.0 = Debug|Any CPU
		{90710E94-3E79-4F59-AF6B-2FD3B3ECF49F}.Debug|iPhoneSimulator.ActiveCfg = Debug|Any CPU
		{90710E94-3E79-4F59-AF6B-2FD3B3ECF49F}.Debug|iPhoneSimulator.Build.0 = Debug|Any CPU
		{90710E94-3E79-4F59-AF6B-2FD3B3ECF49F}.Debug|x64.ActiveCfg = Debug|Any CPU
		{90710E94-3E79-4F59-AF6B-2FD3B3ECF49F}.Debug|x64.Build.0 = Debug|Any CPU
		{90710E94-3E79-4F59-AF6B-2FD3B3ECF49F}.Debug|x86.ActiveCfg = Debug|Any CPU
		{90710E94-3E79-4F59-AF6B-2FD3B3ECF49F}.Debug|x86.Build.0 = Debug|Any CPU
		{90710E94-3E79-4F59-AF6B-2FD3B3ECF49F}.Release|Any CPU.ActiveCfg = Release|Any CPU
		{90710E94-3E79-4F59-AF6B-2FD3B3ECF49F}.Release|Any CPU.Build.0 = Release|Any CPU
		{90710E94-3E79-4F59-AF6B-2FD3B3ECF49F}.Release|ARM.ActiveCfg = Release|Any CPU
		{90710E94-3E79-4F59-AF6B-2FD3B3ECF49F}.Release|ARM.Build.0 = Release|Any CPU
		{90710E94-3E79-4F59-AF6B-2FD3B3ECF49F}.Release|iPhone.ActiveCfg = Release|Any CPU
		{90710E94-3E79-4F59-AF6B-2FD3B3ECF49F}.Release|iPhone.Build.0 = Release|Any CPU
		{90710E94-3E79-4F59-AF6B-2FD3B3ECF49F}.Release|iPhoneSimulator.ActiveCfg = Release|Any CPU
		{90710E94-3E79-4F59-AF6B-2FD3B3ECF49F}.Release|iPhoneSimulator.Build.0 = Release|Any CPU
		{90710E94-3E79-4F59-AF6B-2FD3B3ECF49F}.Release|x64.ActiveCfg = Release|Any CPU
		{90710E94-3E79-4F59-AF6B-2FD3B3ECF49F}.Release|x64.Build.0 = Release|Any CPU
		{90710E94-3E79-4F59-AF6B-2FD3B3ECF49F}.Release|x86.ActiveCfg = Release|Any CPU
		{90710E94-3E79-4F59-AF6B-2FD3B3ECF49F}.Release|x86.Build.0 = Release|Any CPU
		{2AE44201-2368-4D3A-9F76-E85912B20112}.Debug|Any CPU.ActiveCfg = Debug|Any CPU
		{2AE44201-2368-4D3A-9F76-E85912B20112}.Debug|Any CPU.Build.0 = Debug|Any CPU
		{2AE44201-2368-4D3A-9F76-E85912B20112}.Debug|ARM.ActiveCfg = Debug|Any CPU
		{2AE44201-2368-4D3A-9F76-E85912B20112}.Debug|ARM.Build.0 = Debug|Any CPU
		{2AE44201-2368-4D3A-9F76-E85912B20112}.Debug|iPhone.ActiveCfg = Debug|Any CPU
		{2AE44201-2368-4D3A-9F76-E85912B20112}.Debug|iPhone.Build.0 = Debug|Any CPU
		{2AE44201-2368-4D3A-9F76-E85912B20112}.Debug|iPhoneSimulator.ActiveCfg = Debug|Any CPU
		{2AE44201-2368-4D3A-9F76-E85912B20112}.Debug|iPhoneSimulator.Build.0 = Debug|Any CPU
		{2AE44201-2368-4D3A-9F76-E85912B20112}.Debug|x64.ActiveCfg = Debug|Any CPU
		{2AE44201-2368-4D3A-9F76-E85912B20112}.Debug|x64.Build.0 = Debug|Any CPU
		{2AE44201-2368-4D3A-9F76-E85912B20112}.Debug|x86.ActiveCfg = Debug|Any CPU
		{2AE44201-2368-4D3A-9F76-E85912B20112}.Debug|x86.Build.0 = Debug|Any CPU
		{2AE44201-2368-4D3A-9F76-E85912B20112}.Release|Any CPU.ActiveCfg = Release|Any CPU
		{2AE44201-2368-4D3A-9F76-E85912B20112}.Release|Any CPU.Build.0 = Release|Any CPU
		{2AE44201-2368-4D3A-9F76-E85912B20112}.Release|ARM.ActiveCfg = Release|Any CPU
		{2AE44201-2368-4D3A-9F76-E85912B20112}.Release|ARM.Build.0 = Release|Any CPU
		{2AE44201-2368-4D3A-9F76-E85912B20112}.Release|iPhone.ActiveCfg = Release|Any CPU
		{2AE44201-2368-4D3A-9F76-E85912B20112}.Release|iPhone.Build.0 = Release|Any CPU
		{2AE44201-2368-4D3A-9F76-E85912B20112}.Release|iPhoneSimulator.ActiveCfg = Release|Any CPU
		{2AE44201-2368-4D3A-9F76-E85912B20112}.Release|iPhoneSimulator.Build.0 = Release|Any CPU
		{2AE44201-2368-4D3A-9F76-E85912B20112}.Release|x64.ActiveCfg = Release|Any CPU
		{2AE44201-2368-4D3A-9F76-E85912B20112}.Release|x64.Build.0 = Release|Any CPU
		{2AE44201-2368-4D3A-9F76-E85912B20112}.Release|x86.ActiveCfg = Release|Any CPU
		{2AE44201-2368-4D3A-9F76-E85912B20112}.Release|x86.Build.0 = Release|Any CPU
		{8617C5FC-B555-4E2D-8F5F-C4E6172C8A39}.Debug|Any CPU.ActiveCfg = Debug|Any CPU
		{8617C5FC-B555-4E2D-8F5F-C4E6172C8A39}.Debug|Any CPU.Build.0 = Debug|Any CPU
		{8617C5FC-B555-4E2D-8F5F-C4E6172C8A39}.Debug|ARM.ActiveCfg = Debug|Any CPU
		{8617C5FC-B555-4E2D-8F5F-C4E6172C8A39}.Debug|ARM.Build.0 = Debug|Any CPU
		{8617C5FC-B555-4E2D-8F5F-C4E6172C8A39}.Debug|iPhone.ActiveCfg = Debug|Any CPU
		{8617C5FC-B555-4E2D-8F5F-C4E6172C8A39}.Debug|iPhone.Build.0 = Debug|Any CPU
		{8617C5FC-B555-4E2D-8F5F-C4E6172C8A39}.Debug|iPhoneSimulator.ActiveCfg = Debug|Any CPU
		{8617C5FC-B555-4E2D-8F5F-C4E6172C8A39}.Debug|iPhoneSimulator.Build.0 = Debug|Any CPU
		{8617C5FC-B555-4E2D-8F5F-C4E6172C8A39}.Debug|x64.ActiveCfg = Debug|Any CPU
		{8617C5FC-B555-4E2D-8F5F-C4E6172C8A39}.Debug|x64.Build.0 = Debug|Any CPU
		{8617C5FC-B555-4E2D-8F5F-C4E6172C8A39}.Debug|x86.ActiveCfg = Debug|Any CPU
		{8617C5FC-B555-4E2D-8F5F-C4E6172C8A39}.Debug|x86.Build.0 = Debug|Any CPU
		{8617C5FC-B555-4E2D-8F5F-C4E6172C8A39}.Release|Any CPU.ActiveCfg = Release|Any CPU
		{8617C5FC-B555-4E2D-8F5F-C4E6172C8A39}.Release|Any CPU.Build.0 = Release|Any CPU
		{8617C5FC-B555-4E2D-8F5F-C4E6172C8A39}.Release|ARM.ActiveCfg = Release|Any CPU
		{8617C5FC-B555-4E2D-8F5F-C4E6172C8A39}.Release|ARM.Build.0 = Release|Any CPU
		{8617C5FC-B555-4E2D-8F5F-C4E6172C8A39}.Release|iPhone.ActiveCfg = Release|Any CPU
		{8617C5FC-B555-4E2D-8F5F-C4E6172C8A39}.Release|iPhone.Build.0 = Release|Any CPU
		{8617C5FC-B555-4E2D-8F5F-C4E6172C8A39}.Release|iPhoneSimulator.ActiveCfg = Release|Any CPU
		{8617C5FC-B555-4E2D-8F5F-C4E6172C8A39}.Release|iPhoneSimulator.Build.0 = Release|Any CPU
		{8617C5FC-B555-4E2D-8F5F-C4E6172C8A39}.Release|x64.ActiveCfg = Release|Any CPU
		{8617C5FC-B555-4E2D-8F5F-C4E6172C8A39}.Release|x64.Build.0 = Release|Any CPU
		{8617C5FC-B555-4E2D-8F5F-C4E6172C8A39}.Release|x86.ActiveCfg = Release|Any CPU
		{8617C5FC-B555-4E2D-8F5F-C4E6172C8A39}.Release|x86.Build.0 = Release|Any CPU
		{2922A359-4D8A-4DE5-AA29-E55B1A7C2185}.Debug|Any CPU.ActiveCfg = Debug|Any CPU
		{2922A359-4D8A-4DE5-AA29-E55B1A7C2185}.Debug|Any CPU.Build.0 = Debug|Any CPU
		{2922A359-4D8A-4DE5-AA29-E55B1A7C2185}.Debug|ARM.ActiveCfg = Debug|Any CPU
		{2922A359-4D8A-4DE5-AA29-E55B1A7C2185}.Debug|ARM.Build.0 = Debug|Any CPU
		{2922A359-4D8A-4DE5-AA29-E55B1A7C2185}.Debug|iPhone.ActiveCfg = Debug|Any CPU
		{2922A359-4D8A-4DE5-AA29-E55B1A7C2185}.Debug|iPhone.Build.0 = Debug|Any CPU
		{2922A359-4D8A-4DE5-AA29-E55B1A7C2185}.Debug|iPhoneSimulator.ActiveCfg = Debug|Any CPU
		{2922A359-4D8A-4DE5-AA29-E55B1A7C2185}.Debug|iPhoneSimulator.Build.0 = Debug|Any CPU
		{2922A359-4D8A-4DE5-AA29-E55B1A7C2185}.Debug|x64.ActiveCfg = Debug|Any CPU
		{2922A359-4D8A-4DE5-AA29-E55B1A7C2185}.Debug|x64.Build.0 = Debug|Any CPU
		{2922A359-4D8A-4DE5-AA29-E55B1A7C2185}.Debug|x86.ActiveCfg = Debug|Any CPU
		{2922A359-4D8A-4DE5-AA29-E55B1A7C2185}.Debug|x86.Build.0 = Debug|Any CPU
		{2922A359-4D8A-4DE5-AA29-E55B1A7C2185}.Release|Any CPU.ActiveCfg = Release|Any CPU
		{2922A359-4D8A-4DE5-AA29-E55B1A7C2185}.Release|Any CPU.Build.0 = Release|Any CPU
		{2922A359-4D8A-4DE5-AA29-E55B1A7C2185}.Release|ARM.ActiveCfg = Release|Any CPU
		{2922A359-4D8A-4DE5-AA29-E55B1A7C2185}.Release|ARM.Build.0 = Release|Any CPU
		{2922A359-4D8A-4DE5-AA29-E55B1A7C2185}.Release|iPhone.ActiveCfg = Release|Any CPU
		{2922A359-4D8A-4DE5-AA29-E55B1A7C2185}.Release|iPhone.Build.0 = Release|Any CPU
		{2922A359-4D8A-4DE5-AA29-E55B1A7C2185}.Release|iPhoneSimulator.ActiveCfg = Release|Any CPU
		{2922A359-4D8A-4DE5-AA29-E55B1A7C2185}.Release|iPhoneSimulator.Build.0 = Release|Any CPU
		{2922A359-4D8A-4DE5-AA29-E55B1A7C2185}.Release|x64.ActiveCfg = Release|Any CPU
		{2922A359-4D8A-4DE5-AA29-E55B1A7C2185}.Release|x64.Build.0 = Release|Any CPU
		{2922A359-4D8A-4DE5-AA29-E55B1A7C2185}.Release|x86.ActiveCfg = Release|Any CPU
		{2922A359-4D8A-4DE5-AA29-E55B1A7C2185}.Release|x86.Build.0 = Release|Any CPU
		{1559E509-F25E-40CD-B929-AECCA06ABF62}.Debug|Any CPU.ActiveCfg = Debug|Any CPU
		{1559E509-F25E-40CD-B929-AECCA06ABF62}.Debug|Any CPU.Build.0 = Debug|Any CPU
		{1559E509-F25E-40CD-B929-AECCA06ABF62}.Debug|ARM.ActiveCfg = Debug|Any CPU
		{1559E509-F25E-40CD-B929-AECCA06ABF62}.Debug|ARM.Build.0 = Debug|Any CPU
		{1559E509-F25E-40CD-B929-AECCA06ABF62}.Debug|iPhone.ActiveCfg = Debug|Any CPU
		{1559E509-F25E-40CD-B929-AECCA06ABF62}.Debug|iPhone.Build.0 = Debug|Any CPU
		{1559E509-F25E-40CD-B929-AECCA06ABF62}.Debug|iPhoneSimulator.ActiveCfg = Debug|Any CPU
		{1559E509-F25E-40CD-B929-AECCA06ABF62}.Debug|iPhoneSimulator.Build.0 = Debug|Any CPU
		{1559E509-F25E-40CD-B929-AECCA06ABF62}.Debug|x64.ActiveCfg = Debug|Any CPU
		{1559E509-F25E-40CD-B929-AECCA06ABF62}.Debug|x64.Build.0 = Debug|Any CPU
		{1559E509-F25E-40CD-B929-AECCA06ABF62}.Debug|x86.ActiveCfg = Debug|Any CPU
		{1559E509-F25E-40CD-B929-AECCA06ABF62}.Debug|x86.Build.0 = Debug|Any CPU
		{1559E509-F25E-40CD-B929-AECCA06ABF62}.Release|Any CPU.ActiveCfg = Release|Any CPU
		{1559E509-F25E-40CD-B929-AECCA06ABF62}.Release|Any CPU.Build.0 = Release|Any CPU
		{1559E509-F25E-40CD-B929-AECCA06ABF62}.Release|ARM.ActiveCfg = Release|Any CPU
		{1559E509-F25E-40CD-B929-AECCA06ABF62}.Release|ARM.Build.0 = Release|Any CPU
		{1559E509-F25E-40CD-B929-AECCA06ABF62}.Release|iPhone.ActiveCfg = Release|Any CPU
		{1559E509-F25E-40CD-B929-AECCA06ABF62}.Release|iPhone.Build.0 = Release|Any CPU
		{1559E509-F25E-40CD-B929-AECCA06ABF62}.Release|iPhoneSimulator.ActiveCfg = Release|Any CPU
		{1559E509-F25E-40CD-B929-AECCA06ABF62}.Release|iPhoneSimulator.Build.0 = Release|Any CPU
		{1559E509-F25E-40CD-B929-AECCA06ABF62}.Release|x64.ActiveCfg = Release|Any CPU
		{1559E509-F25E-40CD-B929-AECCA06ABF62}.Release|x64.Build.0 = Release|Any CPU
		{1559E509-F25E-40CD-B929-AECCA06ABF62}.Release|x86.ActiveCfg = Release|Any CPU
		{1559E509-F25E-40CD-B929-AECCA06ABF62}.Release|x86.Build.0 = Release|Any CPU
		{469A31C2-4C6D-417B-84BB-7B4E1FBB1C4A}.Debug|Any CPU.ActiveCfg = Debug|Any CPU
		{469A31C2-4C6D-417B-84BB-7B4E1FBB1C4A}.Debug|Any CPU.Build.0 = Debug|Any CPU
		{469A31C2-4C6D-417B-84BB-7B4E1FBB1C4A}.Debug|ARM.ActiveCfg = Debug|Any CPU
		{469A31C2-4C6D-417B-84BB-7B4E1FBB1C4A}.Debug|ARM.Build.0 = Debug|Any CPU
		{469A31C2-4C6D-417B-84BB-7B4E1FBB1C4A}.Debug|iPhone.ActiveCfg = Debug|Any CPU
		{469A31C2-4C6D-417B-84BB-7B4E1FBB1C4A}.Debug|iPhone.Build.0 = Debug|Any CPU
		{469A31C2-4C6D-417B-84BB-7B4E1FBB1C4A}.Debug|iPhoneSimulator.ActiveCfg = Debug|Any CPU
		{469A31C2-4C6D-417B-84BB-7B4E1FBB1C4A}.Debug|iPhoneSimulator.Build.0 = Debug|Any CPU
		{469A31C2-4C6D-417B-84BB-7B4E1FBB1C4A}.Debug|x64.ActiveCfg = Debug|Any CPU
		{469A31C2-4C6D-417B-84BB-7B4E1FBB1C4A}.Debug|x64.Build.0 = Debug|Any CPU
		{469A31C2-4C6D-417B-84BB-7B4E1FBB1C4A}.Debug|x86.ActiveCfg = Debug|Any CPU
		{469A31C2-4C6D-417B-84BB-7B4E1FBB1C4A}.Debug|x86.Build.0 = Debug|Any CPU
		{469A31C2-4C6D-417B-84BB-7B4E1FBB1C4A}.Release|Any CPU.ActiveCfg = Release|Any CPU
		{469A31C2-4C6D-417B-84BB-7B4E1FBB1C4A}.Release|Any CPU.Build.0 = Release|Any CPU
		{469A31C2-4C6D-417B-84BB-7B4E1FBB1C4A}.Release|ARM.ActiveCfg = Release|Any CPU
		{469A31C2-4C6D-417B-84BB-7B4E1FBB1C4A}.Release|ARM.Build.0 = Release|Any CPU
		{469A31C2-4C6D-417B-84BB-7B4E1FBB1C4A}.Release|iPhone.ActiveCfg = Release|Any CPU
		{469A31C2-4C6D-417B-84BB-7B4E1FBB1C4A}.Release|iPhone.Build.0 = Release|Any CPU
		{469A31C2-4C6D-417B-84BB-7B4E1FBB1C4A}.Release|iPhoneSimulator.ActiveCfg = Release|Any CPU
		{469A31C2-4C6D-417B-84BB-7B4E1FBB1C4A}.Release|iPhoneSimulator.Build.0 = Release|Any CPU
		{469A31C2-4C6D-417B-84BB-7B4E1FBB1C4A}.Release|x64.ActiveCfg = Release|Any CPU
		{469A31C2-4C6D-417B-84BB-7B4E1FBB1C4A}.Release|x64.Build.0 = Release|Any CPU
		{469A31C2-4C6D-417B-84BB-7B4E1FBB1C4A}.Release|x86.ActiveCfg = Release|Any CPU
		{469A31C2-4C6D-417B-84BB-7B4E1FBB1C4A}.Release|x86.Build.0 = Release|Any CPU
		{F1C40BA5-41A3-4D67-8EFE-F5431A599502}.Debug|Any CPU.ActiveCfg = Debug|Any CPU
		{F1C40BA5-41A3-4D67-8EFE-F5431A599502}.Debug|Any CPU.Build.0 = Debug|Any CPU
		{F1C40BA5-41A3-4D67-8EFE-F5431A599502}.Debug|ARM.ActiveCfg = Debug|Any CPU
		{F1C40BA5-41A3-4D67-8EFE-F5431A599502}.Debug|ARM.Build.0 = Debug|Any CPU
		{F1C40BA5-41A3-4D67-8EFE-F5431A599502}.Debug|iPhone.ActiveCfg = Debug|Any CPU
		{F1C40BA5-41A3-4D67-8EFE-F5431A599502}.Debug|iPhone.Build.0 = Debug|Any CPU
		{F1C40BA5-41A3-4D67-8EFE-F5431A599502}.Debug|iPhoneSimulator.ActiveCfg = Debug|Any CPU
		{F1C40BA5-41A3-4D67-8EFE-F5431A599502}.Debug|iPhoneSimulator.Build.0 = Debug|Any CPU
		{F1C40BA5-41A3-4D67-8EFE-F5431A599502}.Debug|x64.ActiveCfg = Debug|Any CPU
		{F1C40BA5-41A3-4D67-8EFE-F5431A599502}.Debug|x64.Build.0 = Debug|Any CPU
		{F1C40BA5-41A3-4D67-8EFE-F5431A599502}.Debug|x86.ActiveCfg = Debug|Any CPU
		{F1C40BA5-41A3-4D67-8EFE-F5431A599502}.Debug|x86.Build.0 = Debug|Any CPU
		{F1C40BA5-41A3-4D67-8EFE-F5431A599502}.Release|Any CPU.ActiveCfg = Release|Any CPU
		{F1C40BA5-41A3-4D67-8EFE-F5431A599502}.Release|Any CPU.Build.0 = Release|Any CPU
		{F1C40BA5-41A3-4D67-8EFE-F5431A599502}.Release|ARM.ActiveCfg = Release|Any CPU
		{F1C40BA5-41A3-4D67-8EFE-F5431A599502}.Release|ARM.Build.0 = Release|Any CPU
		{F1C40BA5-41A3-4D67-8EFE-F5431A599502}.Release|iPhone.ActiveCfg = Release|Any CPU
		{F1C40BA5-41A3-4D67-8EFE-F5431A599502}.Release|iPhone.Build.0 = Release|Any CPU
		{F1C40BA5-41A3-4D67-8EFE-F5431A599502}.Release|iPhoneSimulator.ActiveCfg = Release|Any CPU
		{F1C40BA5-41A3-4D67-8EFE-F5431A599502}.Release|iPhoneSimulator.Build.0 = Release|Any CPU
		{F1C40BA5-41A3-4D67-8EFE-F5431A599502}.Release|x64.ActiveCfg = Release|Any CPU
		{F1C40BA5-41A3-4D67-8EFE-F5431A599502}.Release|x64.Build.0 = Release|Any CPU
		{F1C40BA5-41A3-4D67-8EFE-F5431A599502}.Release|x86.ActiveCfg = Release|Any CPU
		{F1C40BA5-41A3-4D67-8EFE-F5431A599502}.Release|x86.Build.0 = Release|Any CPU
		{EC1A0EBE-D2AF-48BC-A375-B38FA27BB17E}.Debug|Any CPU.ActiveCfg = Debug|Any CPU
		{EC1A0EBE-D2AF-48BC-A375-B38FA27BB17E}.Debug|Any CPU.Build.0 = Debug|Any CPU
		{EC1A0EBE-D2AF-48BC-A375-B38FA27BB17E}.Debug|ARM.ActiveCfg = Debug|Any CPU
		{EC1A0EBE-D2AF-48BC-A375-B38FA27BB17E}.Debug|ARM.Build.0 = Debug|Any CPU
		{EC1A0EBE-D2AF-48BC-A375-B38FA27BB17E}.Debug|iPhone.ActiveCfg = Debug|Any CPU
		{EC1A0EBE-D2AF-48BC-A375-B38FA27BB17E}.Debug|iPhone.Build.0 = Debug|Any CPU
		{EC1A0EBE-D2AF-48BC-A375-B38FA27BB17E}.Debug|iPhoneSimulator.ActiveCfg = Debug|Any CPU
		{EC1A0EBE-D2AF-48BC-A375-B38FA27BB17E}.Debug|iPhoneSimulator.Build.0 = Debug|Any CPU
		{EC1A0EBE-D2AF-48BC-A375-B38FA27BB17E}.Debug|x64.ActiveCfg = Debug|Any CPU
		{EC1A0EBE-D2AF-48BC-A375-B38FA27BB17E}.Debug|x64.Build.0 = Debug|Any CPU
		{EC1A0EBE-D2AF-48BC-A375-B38FA27BB17E}.Debug|x86.ActiveCfg = Debug|Any CPU
		{EC1A0EBE-D2AF-48BC-A375-B38FA27BB17E}.Debug|x86.Build.0 = Debug|Any CPU
		{EC1A0EBE-D2AF-48BC-A375-B38FA27BB17E}.Release|Any CPU.ActiveCfg = Release|Any CPU
		{EC1A0EBE-D2AF-48BC-A375-B38FA27BB17E}.Release|Any CPU.Build.0 = Release|Any CPU
		{EC1A0EBE-D2AF-48BC-A375-B38FA27BB17E}.Release|ARM.ActiveCfg = Release|Any CPU
		{EC1A0EBE-D2AF-48BC-A375-B38FA27BB17E}.Release|ARM.Build.0 = Release|Any CPU
		{EC1A0EBE-D2AF-48BC-A375-B38FA27BB17E}.Release|iPhone.ActiveCfg = Release|Any CPU
		{EC1A0EBE-D2AF-48BC-A375-B38FA27BB17E}.Release|iPhone.Build.0 = Release|Any CPU
		{EC1A0EBE-D2AF-48BC-A375-B38FA27BB17E}.Release|iPhoneSimulator.ActiveCfg = Release|Any CPU
		{EC1A0EBE-D2AF-48BC-A375-B38FA27BB17E}.Release|iPhoneSimulator.Build.0 = Release|Any CPU
		{EC1A0EBE-D2AF-48BC-A375-B38FA27BB17E}.Release|x64.ActiveCfg = Release|Any CPU
		{EC1A0EBE-D2AF-48BC-A375-B38FA27BB17E}.Release|x64.Build.0 = Release|Any CPU
		{EC1A0EBE-D2AF-48BC-A375-B38FA27BB17E}.Release|x86.ActiveCfg = Release|Any CPU
		{EC1A0EBE-D2AF-48BC-A375-B38FA27BB17E}.Release|x86.Build.0 = Release|Any CPU
		{E2783ABE-4445-462C-901C-30F7B6366667}.Debug|Any CPU.ActiveCfg = Debug|Any CPU
		{E2783ABE-4445-462C-901C-30F7B6366667}.Debug|Any CPU.Build.0 = Debug|Any CPU
		{E2783ABE-4445-462C-901C-30F7B6366667}.Debug|ARM.ActiveCfg = Debug|Any CPU
		{E2783ABE-4445-462C-901C-30F7B6366667}.Debug|ARM.Build.0 = Debug|Any CPU
		{E2783ABE-4445-462C-901C-30F7B6366667}.Debug|iPhone.ActiveCfg = Debug|Any CPU
		{E2783ABE-4445-462C-901C-30F7B6366667}.Debug|iPhone.Build.0 = Debug|Any CPU
		{E2783ABE-4445-462C-901C-30F7B6366667}.Debug|iPhoneSimulator.ActiveCfg = Debug|Any CPU
		{E2783ABE-4445-462C-901C-30F7B6366667}.Debug|iPhoneSimulator.Build.0 = Debug|Any CPU
		{E2783ABE-4445-462C-901C-30F7B6366667}.Debug|x64.ActiveCfg = Debug|Any CPU
		{E2783ABE-4445-462C-901C-30F7B6366667}.Debug|x64.Build.0 = Debug|Any CPU
		{E2783ABE-4445-462C-901C-30F7B6366667}.Debug|x86.ActiveCfg = Debug|Any CPU
		{E2783ABE-4445-462C-901C-30F7B6366667}.Debug|x86.Build.0 = Debug|Any CPU
		{E2783ABE-4445-462C-901C-30F7B6366667}.Release|Any CPU.ActiveCfg = Release|Any CPU
		{E2783ABE-4445-462C-901C-30F7B6366667}.Release|Any CPU.Build.0 = Release|Any CPU
		{E2783ABE-4445-462C-901C-30F7B6366667}.Release|ARM.ActiveCfg = Release|Any CPU
		{E2783ABE-4445-462C-901C-30F7B6366667}.Release|ARM.Build.0 = Release|Any CPU
		{E2783ABE-4445-462C-901C-30F7B6366667}.Release|iPhone.ActiveCfg = Release|Any CPU
		{E2783ABE-4445-462C-901C-30F7B6366667}.Release|iPhone.Build.0 = Release|Any CPU
		{E2783ABE-4445-462C-901C-30F7B6366667}.Release|iPhoneSimulator.ActiveCfg = Release|Any CPU
		{E2783ABE-4445-462C-901C-30F7B6366667}.Release|iPhoneSimulator.Build.0 = Release|Any CPU
		{E2783ABE-4445-462C-901C-30F7B6366667}.Release|x64.ActiveCfg = Release|Any CPU
		{E2783ABE-4445-462C-901C-30F7B6366667}.Release|x64.Build.0 = Release|Any CPU
		{E2783ABE-4445-462C-901C-30F7B6366667}.Release|x86.ActiveCfg = Release|Any CPU
		{E2783ABE-4445-462C-901C-30F7B6366667}.Release|x86.Build.0 = Release|Any CPU
		{97E3C76C-D1DF-4AFE-B71B-ED662C60F4CB}.Debug|Any CPU.ActiveCfg = Debug|Any CPU
		{97E3C76C-D1DF-4AFE-B71B-ED662C60F4CB}.Debug|Any CPU.Build.0 = Debug|Any CPU
		{97E3C76C-D1DF-4AFE-B71B-ED662C60F4CB}.Debug|ARM.ActiveCfg = Debug|Any CPU
		{97E3C76C-D1DF-4AFE-B71B-ED662C60F4CB}.Debug|ARM.Build.0 = Debug|Any CPU
		{97E3C76C-D1DF-4AFE-B71B-ED662C60F4CB}.Debug|iPhone.ActiveCfg = Debug|Any CPU
		{97E3C76C-D1DF-4AFE-B71B-ED662C60F4CB}.Debug|iPhone.Build.0 = Debug|Any CPU
		{97E3C76C-D1DF-4AFE-B71B-ED662C60F4CB}.Debug|iPhoneSimulator.ActiveCfg = Debug|Any CPU
		{97E3C76C-D1DF-4AFE-B71B-ED662C60F4CB}.Debug|iPhoneSimulator.Build.0 = Debug|Any CPU
		{97E3C76C-D1DF-4AFE-B71B-ED662C60F4CB}.Debug|x64.ActiveCfg = Debug|Any CPU
		{97E3C76C-D1DF-4AFE-B71B-ED662C60F4CB}.Debug|x64.Build.0 = Debug|Any CPU
		{97E3C76C-D1DF-4AFE-B71B-ED662C60F4CB}.Debug|x86.ActiveCfg = Debug|Any CPU
		{97E3C76C-D1DF-4AFE-B71B-ED662C60F4CB}.Debug|x86.Build.0 = Debug|Any CPU
		{97E3C76C-D1DF-4AFE-B71B-ED662C60F4CB}.Release|Any CPU.ActiveCfg = Release|Any CPU
		{97E3C76C-D1DF-4AFE-B71B-ED662C60F4CB}.Release|Any CPU.Build.0 = Release|Any CPU
		{97E3C76C-D1DF-4AFE-B71B-ED662C60F4CB}.Release|ARM.ActiveCfg = Release|Any CPU
		{97E3C76C-D1DF-4AFE-B71B-ED662C60F4CB}.Release|ARM.Build.0 = Release|Any CPU
		{97E3C76C-D1DF-4AFE-B71B-ED662C60F4CB}.Release|iPhone.ActiveCfg = Release|Any CPU
		{97E3C76C-D1DF-4AFE-B71B-ED662C60F4CB}.Release|iPhone.Build.0 = Release|Any CPU
		{97E3C76C-D1DF-4AFE-B71B-ED662C60F4CB}.Release|iPhoneSimulator.ActiveCfg = Release|Any CPU
		{97E3C76C-D1DF-4AFE-B71B-ED662C60F4CB}.Release|iPhoneSimulator.Build.0 = Release|Any CPU
		{97E3C76C-D1DF-4AFE-B71B-ED662C60F4CB}.Release|x64.ActiveCfg = Release|Any CPU
		{97E3C76C-D1DF-4AFE-B71B-ED662C60F4CB}.Release|x64.Build.0 = Release|Any CPU
		{97E3C76C-D1DF-4AFE-B71B-ED662C60F4CB}.Release|x86.ActiveCfg = Release|Any CPU
		{97E3C76C-D1DF-4AFE-B71B-ED662C60F4CB}.Release|x86.Build.0 = Release|Any CPU
		{7A3D86C8-5B24-4060-84DD-D2F80A86D50A}.Debug|Any CPU.ActiveCfg = Debug|Any CPU
		{7A3D86C8-5B24-4060-84DD-D2F80A86D50A}.Debug|Any CPU.Build.0 = Debug|Any CPU
		{7A3D86C8-5B24-4060-84DD-D2F80A86D50A}.Debug|Any CPU.Deploy.0 = Debug|Any CPU
		{7A3D86C8-5B24-4060-84DD-D2F80A86D50A}.Debug|ARM.ActiveCfg = Debug|Any CPU
		{7A3D86C8-5B24-4060-84DD-D2F80A86D50A}.Debug|ARM.Build.0 = Debug|Any CPU
		{7A3D86C8-5B24-4060-84DD-D2F80A86D50A}.Debug|ARM.Deploy.0 = Debug|Any CPU
		{7A3D86C8-5B24-4060-84DD-D2F80A86D50A}.Debug|iPhone.ActiveCfg = Debug|Any CPU
		{7A3D86C8-5B24-4060-84DD-D2F80A86D50A}.Debug|iPhone.Build.0 = Debug|Any CPU
		{7A3D86C8-5B24-4060-84DD-D2F80A86D50A}.Debug|iPhone.Deploy.0 = Debug|Any CPU
		{7A3D86C8-5B24-4060-84DD-D2F80A86D50A}.Debug|iPhoneSimulator.ActiveCfg = Debug|Any CPU
		{7A3D86C8-5B24-4060-84DD-D2F80A86D50A}.Debug|iPhoneSimulator.Build.0 = Debug|Any CPU
		{7A3D86C8-5B24-4060-84DD-D2F80A86D50A}.Debug|iPhoneSimulator.Deploy.0 = Debug|Any CPU
		{7A3D86C8-5B24-4060-84DD-D2F80A86D50A}.Debug|x64.ActiveCfg = Debug|Any CPU
		{7A3D86C8-5B24-4060-84DD-D2F80A86D50A}.Debug|x64.Build.0 = Debug|Any CPU
		{7A3D86C8-5B24-4060-84DD-D2F80A86D50A}.Debug|x64.Deploy.0 = Debug|Any CPU
		{7A3D86C8-5B24-4060-84DD-D2F80A86D50A}.Debug|x86.ActiveCfg = Debug|Any CPU
		{7A3D86C8-5B24-4060-84DD-D2F80A86D50A}.Debug|x86.Build.0 = Debug|Any CPU
		{7A3D86C8-5B24-4060-84DD-D2F80A86D50A}.Debug|x86.Deploy.0 = Debug|Any CPU
		{7A3D86C8-5B24-4060-84DD-D2F80A86D50A}.Release|Any CPU.ActiveCfg = Release|Any CPU
		{7A3D86C8-5B24-4060-84DD-D2F80A86D50A}.Release|Any CPU.Build.0 = Release|Any CPU
		{7A3D86C8-5B24-4060-84DD-D2F80A86D50A}.Release|Any CPU.Deploy.0 = Release|Any CPU
		{7A3D86C8-5B24-4060-84DD-D2F80A86D50A}.Release|ARM.ActiveCfg = Release|Any CPU
		{7A3D86C8-5B24-4060-84DD-D2F80A86D50A}.Release|ARM.Build.0 = Release|Any CPU
		{7A3D86C8-5B24-4060-84DD-D2F80A86D50A}.Release|ARM.Deploy.0 = Release|Any CPU
		{7A3D86C8-5B24-4060-84DD-D2F80A86D50A}.Release|iPhone.ActiveCfg = Release|Any CPU
		{7A3D86C8-5B24-4060-84DD-D2F80A86D50A}.Release|iPhone.Build.0 = Release|Any CPU
		{7A3D86C8-5B24-4060-84DD-D2F80A86D50A}.Release|iPhone.Deploy.0 = Release|Any CPU
		{7A3D86C8-5B24-4060-84DD-D2F80A86D50A}.Release|iPhoneSimulator.ActiveCfg = Release|Any CPU
		{7A3D86C8-5B24-4060-84DD-D2F80A86D50A}.Release|iPhoneSimulator.Build.0 = Release|Any CPU
		{7A3D86C8-5B24-4060-84DD-D2F80A86D50A}.Release|iPhoneSimulator.Deploy.0 = Release|Any CPU
		{7A3D86C8-5B24-4060-84DD-D2F80A86D50A}.Release|x64.ActiveCfg = Release|Any CPU
		{7A3D86C8-5B24-4060-84DD-D2F80A86D50A}.Release|x64.Build.0 = Release|Any CPU
		{7A3D86C8-5B24-4060-84DD-D2F80A86D50A}.Release|x64.Deploy.0 = Release|Any CPU
		{7A3D86C8-5B24-4060-84DD-D2F80A86D50A}.Release|x86.ActiveCfg = Release|Any CPU
		{7A3D86C8-5B24-4060-84DD-D2F80A86D50A}.Release|x86.Build.0 = Release|Any CPU
		{7A3D86C8-5B24-4060-84DD-D2F80A86D50A}.Release|x86.Deploy.0 = Release|Any CPU
		{D8B13645-CDCB-4C96-A0F4-3D189112F02C}.Debug|Any CPU.ActiveCfg = Debug|iPhoneSimulator
		{D8B13645-CDCB-4C96-A0F4-3D189112F02C}.Debug|ARM.ActiveCfg = Debug|iPhoneSimulator
		{D8B13645-CDCB-4C96-A0F4-3D189112F02C}.Debug|iPhone.ActiveCfg = Debug|iPhone
		{D8B13645-CDCB-4C96-A0F4-3D189112F02C}.Debug|iPhone.Build.0 = Debug|iPhone
		{D8B13645-CDCB-4C96-A0F4-3D189112F02C}.Debug|iPhoneSimulator.ActiveCfg = Debug|iPhoneSimulator
		{D8B13645-CDCB-4C96-A0F4-3D189112F02C}.Debug|iPhoneSimulator.Build.0 = Debug|iPhoneSimulator
		{D8B13645-CDCB-4C96-A0F4-3D189112F02C}.Debug|x64.ActiveCfg = Debug|iPhoneSimulator
		{D8B13645-CDCB-4C96-A0F4-3D189112F02C}.Debug|x86.ActiveCfg = Debug|iPhoneSimulator
		{D8B13645-CDCB-4C96-A0F4-3D189112F02C}.Release|Any CPU.ActiveCfg = Release|iPhoneSimulator
		{D8B13645-CDCB-4C96-A0F4-3D189112F02C}.Release|ARM.ActiveCfg = Release|iPhoneSimulator
		{D8B13645-CDCB-4C96-A0F4-3D189112F02C}.Release|iPhone.ActiveCfg = Release|iPhone
		{D8B13645-CDCB-4C96-A0F4-3D189112F02C}.Release|iPhone.Build.0 = Release|iPhone
		{D8B13645-CDCB-4C96-A0F4-3D189112F02C}.Release|iPhoneSimulator.ActiveCfg = Release|iPhoneSimulator
		{D8B13645-CDCB-4C96-A0F4-3D189112F02C}.Release|iPhoneSimulator.Build.0 = Release|iPhoneSimulator
		{D8B13645-CDCB-4C96-A0F4-3D189112F02C}.Release|x64.ActiveCfg = Release|iPhoneSimulator
		{D8B13645-CDCB-4C96-A0F4-3D189112F02C}.Release|x86.ActiveCfg = Release|iPhoneSimulator
		{56ACE976-BAB0-45DC-80C6-3567F8CC8B31}.Debug|Any CPU.ActiveCfg = Debug|Any CPU
		{56ACE976-BAB0-45DC-80C6-3567F8CC8B31}.Debug|Any CPU.Build.0 = Debug|Any CPU
		{56ACE976-BAB0-45DC-80C6-3567F8CC8B31}.Debug|ARM.ActiveCfg = Debug|Any CPU
		{56ACE976-BAB0-45DC-80C6-3567F8CC8B31}.Debug|ARM.Build.0 = Debug|Any CPU
		{56ACE976-BAB0-45DC-80C6-3567F8CC8B31}.Debug|iPhone.ActiveCfg = Debug|Any CPU
		{56ACE976-BAB0-45DC-80C6-3567F8CC8B31}.Debug|iPhone.Build.0 = Debug|Any CPU
		{56ACE976-BAB0-45DC-80C6-3567F8CC8B31}.Debug|iPhoneSimulator.ActiveCfg = Debug|Any CPU
		{56ACE976-BAB0-45DC-80C6-3567F8CC8B31}.Debug|iPhoneSimulator.Build.0 = Debug|Any CPU
		{56ACE976-BAB0-45DC-80C6-3567F8CC8B31}.Debug|x64.ActiveCfg = Debug|Any CPU
		{56ACE976-BAB0-45DC-80C6-3567F8CC8B31}.Debug|x64.Build.0 = Debug|Any CPU
		{56ACE976-BAB0-45DC-80C6-3567F8CC8B31}.Debug|x86.ActiveCfg = Debug|Any CPU
		{56ACE976-BAB0-45DC-80C6-3567F8CC8B31}.Debug|x86.Build.0 = Debug|Any CPU
		{56ACE976-BAB0-45DC-80C6-3567F8CC8B31}.Release|Any CPU.ActiveCfg = Release|Any CPU
		{56ACE976-BAB0-45DC-80C6-3567F8CC8B31}.Release|Any CPU.Build.0 = Release|Any CPU
		{56ACE976-BAB0-45DC-80C6-3567F8CC8B31}.Release|ARM.ActiveCfg = Release|Any CPU
		{56ACE976-BAB0-45DC-80C6-3567F8CC8B31}.Release|ARM.Build.0 = Release|Any CPU
		{56ACE976-BAB0-45DC-80C6-3567F8CC8B31}.Release|iPhone.ActiveCfg = Release|Any CPU
		{56ACE976-BAB0-45DC-80C6-3567F8CC8B31}.Release|iPhone.Build.0 = Release|Any CPU
		{56ACE976-BAB0-45DC-80C6-3567F8CC8B31}.Release|iPhoneSimulator.ActiveCfg = Release|Any CPU
		{56ACE976-BAB0-45DC-80C6-3567F8CC8B31}.Release|iPhoneSimulator.Build.0 = Release|Any CPU
		{56ACE976-BAB0-45DC-80C6-3567F8CC8B31}.Release|x64.ActiveCfg = Release|Any CPU
		{56ACE976-BAB0-45DC-80C6-3567F8CC8B31}.Release|x64.Build.0 = Release|Any CPU
		{56ACE976-BAB0-45DC-80C6-3567F8CC8B31}.Release|x86.ActiveCfg = Release|Any CPU
		{56ACE976-BAB0-45DC-80C6-3567F8CC8B31}.Release|x86.Build.0 = Release|Any CPU
	EndGlobalSection
	GlobalSection(SolutionProperties) = preSolution
		HideSolutionNode = FALSE
	EndGlobalSection
	GlobalSection(NestedProjects) = preSolution
		{F463B4A7-28AC-4BD0-9187-81FEF1BC660F} = {D18A216E-6F66-43D1-80AA-C932F8756473}
		{8D0AB41F-C5AC-41AC-838C-B360B08BAACF} = {D18A216E-6F66-43D1-80AA-C932F8756473}
		{3722FBFC-9C51-490B-8178-519395C4E0D5} = {C164EF40-5C28-41B9-ABE0-DCFF526536FC}
		{D18A216E-6F66-43D1-80AA-C932F8756473} = {C164EF40-5C28-41B9-ABE0-DCFF526536FC}
		{BC7AFAEE-0ABF-4B43-8DC6-EEC8F803E737} = {C4CADBE5-3BCA-4CE5-B74A-787568A60526}
		{FF6DC6B2-71A6-407C-9581-86A427B0D9CE} = {BC7AFAEE-0ABF-4B43-8DC6-EEC8F803E737}
		{AFF1989A-51C7-4405-90EF-5D058F8D628C} = {2906B7AB-1B05-4059-8D20-A289A27FAD90}
		{E8D1C19A-4A3D-4A86-ADB4-5E0691F37913} = {BC7AFAEE-0ABF-4B43-8DC6-EEC8F803E737}
		{85AD9EA1-8075-47ED-816E-6746CAB77CEE} = {2906B7AB-1B05-4059-8D20-A289A27FAD90}
		{4F38E398-EDB3-4BC2-A33C-DBEC273C1FD6} = {BC7AFAEE-0ABF-4B43-8DC6-EEC8F803E737}
		{587D0A72-5291-4096-B60C-E566AF4B16F2} = {BC7AFAEE-0ABF-4B43-8DC6-EEC8F803E737}
		{003CEB3B-8004-4480-A0A9-A5C8102AFD45} = {2C377F4E-680A-4556-BA2A-82F4D825C0A8}
		{90710E94-3E79-4F59-AF6B-2FD3B3ECF49F} = {2C377F4E-680A-4556-BA2A-82F4D825C0A8}
		{2AE44201-2368-4D3A-9F76-E85912B20112} = {2906B7AB-1B05-4059-8D20-A289A27FAD90}
		{2C377F4E-680A-4556-BA2A-82F4D825C0A8} = {3CBED132-5420-4842-B05C-E72E0C990E87}
		{B36C5923-FFF3-4FF4-A122-D8A92D20A7A5} = {3CBED132-5420-4842-B05C-E72E0C990E87}
		{8617C5FC-B555-4E2D-8F5F-C4E6172C8A39} = {B36C5923-FFF3-4FF4-A122-D8A92D20A7A5}
		{2922A359-4D8A-4DE5-AA29-E55B1A7C2185} = {2C377F4E-680A-4556-BA2A-82F4D825C0A8}
		{1559E509-F25E-40CD-B929-AECCA06ABF62} = {BC7AFAEE-0ABF-4B43-8DC6-EEC8F803E737}
		{2906B7AB-1B05-4059-8D20-A289A27FAD90} = {C4CADBE5-3BCA-4CE5-B74A-787568A60526}
		{469A31C2-4C6D-417B-84BB-7B4E1FBB1C4A} = {BC7AFAEE-0ABF-4B43-8DC6-EEC8F803E737}
		{F1C40BA5-41A3-4D67-8EFE-F5431A599502} = {2906B7AB-1B05-4059-8D20-A289A27FAD90}
		{EC1A0EBE-D2AF-48BC-A375-B38FA27BB17E} = {2C377F4E-680A-4556-BA2A-82F4D825C0A8}
		{E2783ABE-4445-462C-901C-30F7B6366667} = {2906B7AB-1B05-4059-8D20-A289A27FAD90}
		{E2F49A79-8ECE-4D82-B40B-32330C429EE7} = {3CBED132-5420-4842-B05C-E72E0C990E87}
		{97E3C76C-D1DF-4AFE-B71B-ED662C60F4CB} = {E2F49A79-8ECE-4D82-B40B-32330C429EE7}
		{7A3D86C8-5B24-4060-84DD-D2F80A86D50A} = {C922E52E-F199-4F92-BF67-9A8856850B56}
		{D8B13645-CDCB-4C96-A0F4-3D189112F02C} = {C922E52E-F199-4F92-BF67-9A8856850B56}
		{56ACE976-BAB0-45DC-80C6-3567F8CC8B31} = {DAC97999-D965-41CA-A12A-DA75037ACB68}
		{C922E52E-F199-4F92-BF67-9A8856850B56} = {DAC97999-D965-41CA-A12A-DA75037ACB68}
	EndGlobalSection
	GlobalSection(ExtensibilityGlobals) = postSolution
		SolutionGuid = {B886C171-CDA8-4B2C-BF23-AD5497E15804}
	EndGlobalSection
EndGlobal
