
Microsoft Visual Studio Solution File, Format Version 12.00
# Visual Studio 15
VisualStudioVersion = 15.0.28307.329
MinimumVisualStudioVersion = 10.0.40219.1
Project("{FAE04EC0-301F-11D3-BF4B-00C04F79EFBC}") = "Randomizer.Android", "Randomizer\Randomizer.Android\Randomizer.Android.csproj", "{F463B4A7-28AC-4BD0-9187-81FEF1BC660F}"
EndProject
Project("{FAE04EC0-301F-11D3-BF4B-00C04F79EFBC}") = "Randomizer.iOS", "Randomizer\Randomizer.iOS\Randomizer.iOS.csproj", "{8D0AB41F-C5AC-41AC-838C-B360B08BAACF}"
EndProject
Project("{9A19103F-16F7-4668-BE54-9A1E7A4F7556}") = "Randomizer", "Randomizer\Randomizer\Randomizer.csproj", "{3722FBFC-9C51-490B-8178-519395C4E0D5}"
EndProject
Project("{2150E333-8FDC-42A3-9474-1A3956D46DE8}") = "Targets", "Targets", "{D18A216E-6F66-43D1-80AA-C932F8756473}"
EndProject
Project("{2150E333-8FDC-42A3-9474-1A3956D46DE8}") = "Randomizer.Framework", "Randomizer.Framework", "{BC7AFAEE-0ABF-4B43-8DC6-EEC8F803E737}"
EndProject
Project("{2150E333-8FDC-42A3-9474-1A3956D46DE8}") = "Libraries", "Libraries", "{C4CADBE5-3BCA-4CE5-B74A-787568A60526}"
EndProject
Project("{9A19103F-16F7-4668-BE54-9A1E7A4F7556}") = "Randomizer.Framework.ApiManager", "Libraries\Randomizer.Framework\Randomizer.Framework.ApiManager\Randomizer.Framework.ApiManager.csproj", "{FF6DC6B2-71A6-407C-9581-86A427B0D9CE}"
EndProject
Project("{9A19103F-16F7-4668-BE54-9A1E7A4F7556}") = "Randomizer.Framework.Models", "Libraries\Randomizer.Framework\Randomizer.Framework.Models\Randomizer.Framework.Models.csproj", "{AFF1989A-51C7-4405-90EF-5D058F8D628C}"
EndProject
Project("{9A19103F-16F7-4668-BE54-9A1E7A4F7556}") = "Randomizer.Framework.Persistence", "Libraries\Randomizer.Framework\Randomizer.Framework.Persistence\Randomizer.Framework.Persistence.csproj", "{E8D1C19A-4A3D-4A86-ADB4-5E0691F37913}"
EndProject
Project("{9A19103F-16F7-4668-BE54-9A1E7A4F7556}") = "Randomizer.Framework.ViewModels", "Libraries\Randomizer.Framework\Randomizer.Framework.ViewModels\Randomizer.Framework.ViewModels.csproj", "{85AD9EA1-8075-47ED-816E-6746CAB77CEE}"
EndProject
Project("{9A19103F-16F7-4668-BE54-9A1E7A4F7556}") = "Randomizer.Framework.Controls", "Libraries\Randomizer.Framework\Randomizer.Framework.Controls\Randomizer.Framework.Controls.csproj", "{4F38E398-EDB3-4BC2-A33C-DBEC273C1FD6}"
EndProject
Project("{9A19103F-16F7-4668-BE54-9A1E7A4F7556}") = "Randomizer.Framework.Utils", "Libraries\Randomizer.Framework\Randomizer.Framework.Utils\Randomizer.Framework.Utils.csproj", "{587D0A72-5291-4096-B60C-E566AF4B16F2}"
EndProject
Project("{2150E333-8FDC-42A3-9474-1A3956D46DE8}") = "Tests", "Tests", "{3CBED132-5420-4842-B05C-E72E0C990E87}"
EndProject
Project("{9A19103F-16F7-4668-BE54-9A1E7A4F7556}") = "Randomizer.Tests.Model", "Tests\Randomizer.Tests\Randomizer.Tests.Model\Randomizer.Tests.Model.csproj", "{003CEB3B-8004-4480-A0A9-A5C8102AFD45}"
EndProject
Project("{9A19103F-16F7-4668-BE54-9A1E7A4F7556}") = "Randomizer.Tests.ViewModels", "Tests\Randomizer.Tests\Randomizer.Tests.ViewModels\Randomizer.Tests.ViewModels.csproj", "{90710E94-3E79-4F59-AF6B-2FD3B3ECF49F}"
EndProject
Project("{9A19103F-16F7-4668-BE54-9A1E7A4F7556}") = "Randomizer.Framework.Services", "Libraries\Randomizer.Framework\Randomizer.Framework.Services\Randomizer.Framework.Services.csproj", "{2AE44201-2368-4D3A-9F76-E85912B20112}"
EndProject
Project("{2150E333-8FDC-42A3-9474-1A3956D46DE8}") = "Unit Tests", "Unit Tests", "{2C377F4E-680A-4556-BA2A-82F4D825C0A8}"
EndProject
Project("{2150E333-8FDC-42A3-9474-1A3956D46DE8}") = "UI Tests", "UI Tests", "{B36C5923-FFF3-4FF4-A122-D8A92D20A7A5}"
EndProject
Project("{FAE04EC0-301F-11D3-BF4B-00C04F79EFBC}") = "Randomizer.UITests", "Tests\Randomizer.UITests\Randomizer.UITests.csproj", "{8617C5FC-B555-4E2D-8F5F-C4E6172C8A39}"
EndProject
Global
	GlobalSection(SolutionConfigurationPlatforms) = preSolution
		Debug|Any CPU = Debug|Any CPU
		Debug|iPhone = Debug|iPhone
		Debug|iPhoneSimulator = Debug|iPhoneSimulator
		Release|Any CPU = Release|Any CPU
		Release|iPhone = Release|iPhone
		Release|iPhoneSimulator = Release|iPhoneSimulator
	EndGlobalSection
	GlobalSection(ProjectConfigurationPlatforms) = postSolution
		{F463B4A7-28AC-4BD0-9187-81FEF1BC660F}.Debug|Any CPU.ActiveCfg = Debug|Any CPU
		{F463B4A7-28AC-4BD0-9187-81FEF1BC660F}.Debug|Any CPU.Build.0 = Debug|Any CPU
		{F463B4A7-28AC-4BD0-9187-81FEF1BC660F}.Debug|Any CPU.Deploy.0 = Debug|Any CPU
		{F463B4A7-28AC-4BD0-9187-81FEF1BC660F}.Debug|iPhone.ActiveCfg = Debug|Any CPU
		{F463B4A7-28AC-4BD0-9187-81FEF1BC660F}.Debug|iPhone.Build.0 = Debug|Any CPU
		{F463B4A7-28AC-4BD0-9187-81FEF1BC660F}.Debug|iPhone.Deploy.0 = Debug|Any CPU
		{F463B4A7-28AC-4BD0-9187-81FEF1BC660F}.Debug|iPhoneSimulator.ActiveCfg = Debug|Any CPU
		{F463B4A7-28AC-4BD0-9187-81FEF1BC660F}.Debug|iPhoneSimulator.Build.0 = Debug|Any CPU
		{F463B4A7-28AC-4BD0-9187-81FEF1BC660F}.Debug|iPhoneSimulator.Deploy.0 = Debug|Any CPU
		{F463B4A7-28AC-4BD0-9187-81FEF1BC660F}.Release|Any CPU.ActiveCfg = Release|Any CPU
		{F463B4A7-28AC-4BD0-9187-81FEF1BC660F}.Release|Any CPU.Build.0 = Release|Any CPU
		{F463B4A7-28AC-4BD0-9187-81FEF1BC660F}.Release|Any CPU.Deploy.0 = Release|Any CPU
		{F463B4A7-28AC-4BD0-9187-81FEF1BC660F}.Release|iPhone.ActiveCfg = Release|Any CPU
		{F463B4A7-28AC-4BD0-9187-81FEF1BC660F}.Release|iPhone.Build.0 = Release|Any CPU
		{F463B4A7-28AC-4BD0-9187-81FEF1BC660F}.Release|iPhone.Deploy.0 = Release|Any CPU
		{F463B4A7-28AC-4BD0-9187-81FEF1BC660F}.Release|iPhoneSimulator.ActiveCfg = Release|Any CPU
		{F463B4A7-28AC-4BD0-9187-81FEF1BC660F}.Release|iPhoneSimulator.Build.0 = Release|Any CPU
		{F463B4A7-28AC-4BD0-9187-81FEF1BC660F}.Release|iPhoneSimulator.Deploy.0 = Release|Any CPU
		{8D0AB41F-C5AC-41AC-838C-B360B08BAACF}.Debug|Any CPU.ActiveCfg = Debug|iPhoneSimulator
		{8D0AB41F-C5AC-41AC-838C-B360B08BAACF}.Debug|Any CPU.Build.0 = Debug|iPhoneSimulator
		{8D0AB41F-C5AC-41AC-838C-B360B08BAACF}.Debug|Any CPU.Deploy.0 = Debug|iPhoneSimulator
		{8D0AB41F-C5AC-41AC-838C-B360B08BAACF}.Debug|iPhone.ActiveCfg = Debug|iPhone
		{8D0AB41F-C5AC-41AC-838C-B360B08BAACF}.Debug|iPhone.Build.0 = Debug|iPhone
		{8D0AB41F-C5AC-41AC-838C-B360B08BAACF}.Debug|iPhone.Deploy.0 = Debug|iPhone
		{8D0AB41F-C5AC-41AC-838C-B360B08BAACF}.Debug|iPhoneSimulator.ActiveCfg = Debug|iPhoneSimulator
		{8D0AB41F-C5AC-41AC-838C-B360B08BAACF}.Debug|iPhoneSimulator.Deploy.0 = Debug|iPhoneSimulator
		{8D0AB41F-C5AC-41AC-838C-B360B08BAACF}.Release|Any CPU.ActiveCfg = Release|iPhone
		{8D0AB41F-C5AC-41AC-838C-B360B08BAACF}.Release|Any CPU.Build.0 = Release|iPhone
		{8D0AB41F-C5AC-41AC-838C-B360B08BAACF}.Release|Any CPU.Deploy.0 = Release|iPhone
		{8D0AB41F-C5AC-41AC-838C-B360B08BAACF}.Release|iPhone.ActiveCfg = Release|iPhone
		{8D0AB41F-C5AC-41AC-838C-B360B08BAACF}.Release|iPhone.Build.0 = Release|iPhone
		{8D0AB41F-C5AC-41AC-838C-B360B08BAACF}.Release|iPhone.Deploy.0 = Release|iPhone
		{8D0AB41F-C5AC-41AC-838C-B360B08BAACF}.Release|iPhoneSimulator.ActiveCfg = Release|iPhoneSimulator
		{8D0AB41F-C5AC-41AC-838C-B360B08BAACF}.Release|iPhoneSimulator.Build.0 = Release|iPhoneSimulator
		{8D0AB41F-C5AC-41AC-838C-B360B08BAACF}.Release|iPhoneSimulator.Deploy.0 = Release|iPhoneSimulator
		{8D0AB41F-C5AC-41AC-838C-B360B08BAACF}.Debug|iPhoneSimulator.Build.0 = Debug|iPhoneSimulator
		{3722FBFC-9C51-490B-8178-519395C4E0D5}.Debug|Any CPU.ActiveCfg = Debug|Any CPU
		{3722FBFC-9C51-490B-8178-519395C4E0D5}.Debug|Any CPU.Build.0 = Debug|Any CPU
		{3722FBFC-9C51-490B-8178-519395C4E0D5}.Debug|Any CPU.Deploy.0 = Debug|Any CPU
		{3722FBFC-9C51-490B-8178-519395C4E0D5}.Debug|iPhone.ActiveCfg = Debug|Any CPU
		{3722FBFC-9C51-490B-8178-519395C4E0D5}.Debug|iPhone.Build.0 = Debug|Any CPU
		{3722FBFC-9C51-490B-8178-519395C4E0D5}.Debug|iPhone.Deploy.0 = Debug|Any CPU
		{3722FBFC-9C51-490B-8178-519395C4E0D5}.Debug|iPhoneSimulator.ActiveCfg = Debug|Any CPU
		{3722FBFC-9C51-490B-8178-519395C4E0D5}.Debug|iPhoneSimulator.Build.0 = Debug|Any CPU
		{3722FBFC-9C51-490B-8178-519395C4E0D5}.Debug|iPhoneSimulator.Deploy.0 = Debug|Any CPU
		{3722FBFC-9C51-490B-8178-519395C4E0D5}.Release|Any CPU.ActiveCfg = Release|Any CPU
		{3722FBFC-9C51-490B-8178-519395C4E0D5}.Release|Any CPU.Build.0 = Release|Any CPU
		{3722FBFC-9C51-490B-8178-519395C4E0D5}.Release|Any CPU.Deploy.0 = Release|Any CPU
		{3722FBFC-9C51-490B-8178-519395C4E0D5}.Release|iPhone.ActiveCfg = Release|Any CPU
		{3722FBFC-9C51-490B-8178-519395C4E0D5}.Release|iPhone.Build.0 = Release|Any CPU
		{3722FBFC-9C51-490B-8178-519395C4E0D5}.Release|iPhone.Deploy.0 = Release|Any CPU
		{3722FBFC-9C51-490B-8178-519395C4E0D5}.Release|iPhoneSimulator.ActiveCfg = Release|Any CPU
		{3722FBFC-9C51-490B-8178-519395C4E0D5}.Release|iPhoneSimulator.Build.0 = Release|Any CPU
		{3722FBFC-9C51-490B-8178-519395C4E0D5}.Release|iPhoneSimulator.Deploy.0 = Release|Any CPU
		{FF6DC6B2-71A6-407C-9581-86A427B0D9CE}.Debug|Any CPU.ActiveCfg = Debug|Any CPU
		{FF6DC6B2-71A6-407C-9581-86A427B0D9CE}.Debug|Any CPU.Build.0 = Debug|Any CPU
		{FF6DC6B2-71A6-407C-9581-86A427B0D9CE}.Debug|iPhone.ActiveCfg = Debug|Any CPU
		{FF6DC6B2-71A6-407C-9581-86A427B0D9CE}.Debug|iPhone.Build.0 = Debug|Any CPU
		{FF6DC6B2-71A6-407C-9581-86A427B0D9CE}.Debug|iPhoneSimulator.ActiveCfg = Debug|Any CPU
		{FF6DC6B2-71A6-407C-9581-86A427B0D9CE}.Debug|iPhoneSimulator.Build.0 = Debug|Any CPU
		{FF6DC6B2-71A6-407C-9581-86A427B0D9CE}.Release|Any CPU.ActiveCfg = Release|Any CPU
		{FF6DC6B2-71A6-407C-9581-86A427B0D9CE}.Release|Any CPU.Build.0 = Release|Any CPU
		{FF6DC6B2-71A6-407C-9581-86A427B0D9CE}.Release|iPhone.ActiveCfg = Release|Any CPU
		{FF6DC6B2-71A6-407C-9581-86A427B0D9CE}.Release|iPhone.Build.0 = Release|Any CPU
		{FF6DC6B2-71A6-407C-9581-86A427B0D9CE}.Release|iPhoneSimulator.ActiveCfg = Release|Any CPU
		{FF6DC6B2-71A6-407C-9581-86A427B0D9CE}.Release|iPhoneSimulator.Build.0 = Release|Any CPU
		{AFF1989A-51C7-4405-90EF-5D058F8D628C}.Debug|Any CPU.ActiveCfg = Debug|Any CPU
		{AFF1989A-51C7-4405-90EF-5D058F8D628C}.Debug|Any CPU.Build.0 = Debug|Any CPU
		{AFF1989A-51C7-4405-90EF-5D058F8D628C}.Debug|iPhone.ActiveCfg = Debug|Any CPU
		{AFF1989A-51C7-4405-90EF-5D058F8D628C}.Debug|iPhone.Build.0 = Debug|Any CPU
		{AFF1989A-51C7-4405-90EF-5D058F8D628C}.Debug|iPhoneSimulator.ActiveCfg = Debug|Any CPU
		{AFF1989A-51C7-4405-90EF-5D058F8D628C}.Debug|iPhoneSimulator.Build.0 = Debug|Any CPU
		{AFF1989A-51C7-4405-90EF-5D058F8D628C}.Release|Any CPU.ActiveCfg = Release|Any CPU
		{AFF1989A-51C7-4405-90EF-5D058F8D628C}.Release|Any CPU.Build.0 = Release|Any CPU
		{AFF1989A-51C7-4405-90EF-5D058F8D628C}.Release|iPhone.ActiveCfg = Release|Any CPU
		{AFF1989A-51C7-4405-90EF-5D058F8D628C}.Release|iPhone.Build.0 = Release|Any CPU
		{AFF1989A-51C7-4405-90EF-5D058F8D628C}.Release|iPhoneSimulator.ActiveCfg = Release|Any CPU
		{AFF1989A-51C7-4405-90EF-5D058F8D628C}.Release|iPhoneSimulator.Build.0 = Release|Any CPU
		{E8D1C19A-4A3D-4A86-ADB4-5E0691F37913}.Debug|Any CPU.ActiveCfg = Debug|Any CPU
		{E8D1C19A-4A3D-4A86-ADB4-5E0691F37913}.Debug|Any CPU.Build.0 = Debug|Any CPU
		{E8D1C19A-4A3D-4A86-ADB4-5E0691F37913}.Debug|iPhone.ActiveCfg = Debug|Any CPU
		{E8D1C19A-4A3D-4A86-ADB4-5E0691F37913}.Debug|iPhone.Build.0 = Debug|Any CPU
		{E8D1C19A-4A3D-4A86-ADB4-5E0691F37913}.Debug|iPhoneSimulator.ActiveCfg = Debug|Any CPU
		{E8D1C19A-4A3D-4A86-ADB4-5E0691F37913}.Debug|iPhoneSimulator.Build.0 = Debug|Any CPU
		{E8D1C19A-4A3D-4A86-ADB4-5E0691F37913}.Release|Any CPU.ActiveCfg = Release|Any CPU
		{E8D1C19A-4A3D-4A86-ADB4-5E0691F37913}.Release|Any CPU.Build.0 = Release|Any CPU
		{E8D1C19A-4A3D-4A86-ADB4-5E0691F37913}.Release|iPhone.ActiveCfg = Release|Any CPU
		{E8D1C19A-4A3D-4A86-ADB4-5E0691F37913}.Release|iPhone.Build.0 = Release|Any CPU
		{E8D1C19A-4A3D-4A86-ADB4-5E0691F37913}.Release|iPhoneSimulator.ActiveCfg = Release|Any CPU
		{E8D1C19A-4A3D-4A86-ADB4-5E0691F37913}.Release|iPhoneSimulator.Build.0 = Release|Any CPU
		{85AD9EA1-8075-47ED-816E-6746CAB77CEE}.Debug|Any CPU.ActiveCfg = Debug|Any CPU
		{85AD9EA1-8075-47ED-816E-6746CAB77CEE}.Debug|Any CPU.Build.0 = Debug|Any CPU
		{85AD9EA1-8075-47ED-816E-6746CAB77CEE}.Debug|iPhone.ActiveCfg = Debug|Any CPU
		{85AD9EA1-8075-47ED-816E-6746CAB77CEE}.Debug|iPhone.Build.0 = Debug|Any CPU
		{85AD9EA1-8075-47ED-816E-6746CAB77CEE}.Debug|iPhoneSimulator.ActiveCfg = Debug|Any CPU
		{85AD9EA1-8075-47ED-816E-6746CAB77CEE}.Debug|iPhoneSimulator.Build.0 = Debug|Any CPU
		{85AD9EA1-8075-47ED-816E-6746CAB77CEE}.Release|Any CPU.ActiveCfg = Release|Any CPU
		{85AD9EA1-8075-47ED-816E-6746CAB77CEE}.Release|Any CPU.Build.0 = Release|Any CPU
		{85AD9EA1-8075-47ED-816E-6746CAB77CEE}.Release|iPhone.ActiveCfg = Release|Any CPU
		{85AD9EA1-8075-47ED-816E-6746CAB77CEE}.Release|iPhone.Build.0 = Release|Any CPU
		{85AD9EA1-8075-47ED-816E-6746CAB77CEE}.Release|iPhoneSimulator.ActiveCfg = Release|Any CPU
		{85AD9EA1-8075-47ED-816E-6746CAB77CEE}.Release|iPhoneSimulator.Build.0 = Release|Any CPU
		{4F38E398-EDB3-4BC2-A33C-DBEC273C1FD6}.Debug|Any CPU.ActiveCfg = Debug|Any CPU
		{4F38E398-EDB3-4BC2-A33C-DBEC273C1FD6}.Debug|Any CPU.Build.0 = Debug|Any CPU
		{4F38E398-EDB3-4BC2-A33C-DBEC273C1FD6}.Debug|iPhone.ActiveCfg = Debug|Any CPU
		{4F38E398-EDB3-4BC2-A33C-DBEC273C1FD6}.Debug|iPhone.Build.0 = Debug|Any CPU
		{4F38E398-EDB3-4BC2-A33C-DBEC273C1FD6}.Debug|iPhoneSimulator.ActiveCfg = Debug|Any CPU
		{4F38E398-EDB3-4BC2-A33C-DBEC273C1FD6}.Debug|iPhoneSimulator.Build.0 = Debug|Any CPU
		{4F38E398-EDB3-4BC2-A33C-DBEC273C1FD6}.Release|Any CPU.ActiveCfg = Release|Any CPU
		{4F38E398-EDB3-4BC2-A33C-DBEC273C1FD6}.Release|Any CPU.Build.0 = Release|Any CPU
		{4F38E398-EDB3-4BC2-A33C-DBEC273C1FD6}.Release|iPhone.ActiveCfg = Release|Any CPU
		{4F38E398-EDB3-4BC2-A33C-DBEC273C1FD6}.Release|iPhone.Build.0 = Release|Any CPU
		{4F38E398-EDB3-4BC2-A33C-DBEC273C1FD6}.Release|iPhoneSimulator.ActiveCfg = Release|Any CPU
		{4F38E398-EDB3-4BC2-A33C-DBEC273C1FD6}.Release|iPhoneSimulator.Build.0 = Release|Any CPU
		{587D0A72-5291-4096-B60C-E566AF4B16F2}.Debug|Any CPU.ActiveCfg = Debug|Any CPU
		{587D0A72-5291-4096-B60C-E566AF4B16F2}.Debug|Any CPU.Build.0 = Debug|Any CPU
		{587D0A72-5291-4096-B60C-E566AF4B16F2}.Debug|iPhone.ActiveCfg = Debug|Any CPU
		{587D0A72-5291-4096-B60C-E566AF4B16F2}.Debug|iPhone.Build.0 = Debug|Any CPU
		{587D0A72-5291-4096-B60C-E566AF4B16F2}.Debug|iPhoneSimulator.ActiveCfg = Debug|Any CPU
		{587D0A72-5291-4096-B60C-E566AF4B16F2}.Debug|iPhoneSimulator.Build.0 = Debug|Any CPU
		{587D0A72-5291-4096-B60C-E566AF4B16F2}.Release|Any CPU.ActiveCfg = Release|Any CPU
		{587D0A72-5291-4096-B60C-E566AF4B16F2}.Release|Any CPU.Build.0 = Release|Any CPU
		{587D0A72-5291-4096-B60C-E566AF4B16F2}.Release|iPhone.ActiveCfg = Release|Any CPU
		{587D0A72-5291-4096-B60C-E566AF4B16F2}.Release|iPhone.Build.0 = Release|Any CPU
		{587D0A72-5291-4096-B60C-E566AF4B16F2}.Release|iPhoneSimulator.ActiveCfg = Release|Any CPU
		{587D0A72-5291-4096-B60C-E566AF4B16F2}.Release|iPhoneSimulator.Build.0 = Release|Any CPU
		{003CEB3B-8004-4480-A0A9-A5C8102AFD45}.Debug|Any CPU.ActiveCfg = Debug|Any CPU
		{003CEB3B-8004-4480-A0A9-A5C8102AFD45}.Debug|Any CPU.Build.0 = Debug|Any CPU
		{003CEB3B-8004-4480-A0A9-A5C8102AFD45}.Debug|iPhone.ActiveCfg = Debug|Any CPU
		{003CEB3B-8004-4480-A0A9-A5C8102AFD45}.Debug|iPhone.Build.0 = Debug|Any CPU
		{003CEB3B-8004-4480-A0A9-A5C8102AFD45}.Debug|iPhoneSimulator.ActiveCfg = Debug|Any CPU
		{003CEB3B-8004-4480-A0A9-A5C8102AFD45}.Debug|iPhoneSimulator.Build.0 = Debug|Any CPU
		{003CEB3B-8004-4480-A0A9-A5C8102AFD45}.Release|Any CPU.ActiveCfg = Release|Any CPU
		{003CEB3B-8004-4480-A0A9-A5C8102AFD45}.Release|Any CPU.Build.0 = Release|Any CPU
		{003CEB3B-8004-4480-A0A9-A5C8102AFD45}.Release|iPhone.ActiveCfg = Release|Any CPU
		{003CEB3B-8004-4480-A0A9-A5C8102AFD45}.Release|iPhone.Build.0 = Release|Any CPU
		{003CEB3B-8004-4480-A0A9-A5C8102AFD45}.Release|iPhoneSimulator.ActiveCfg = Release|Any CPU
		{003CEB3B-8004-4480-A0A9-A5C8102AFD45}.Release|iPhoneSimulator.Build.0 = Release|Any CPU
		{90710E94-3E79-4F59-AF6B-2FD3B3ECF49F}.Debug|Any CPU.ActiveCfg = Debug|Any CPU
		{90710E94-3E79-4F59-AF6B-2FD3B3ECF49F}.Debug|Any CPU.Build.0 = Debug|Any CPU
		{90710E94-3E79-4F59-AF6B-2FD3B3ECF49F}.Debug|iPhone.ActiveCfg = Debug|Any CPU
		{90710E94-3E79-4F59-AF6B-2FD3B3ECF49F}.Debug|iPhone.Build.0 = Debug|Any CPU
		{90710E94-3E79-4F59-AF6B-2FD3B3ECF49F}.Debug|iPhoneSimulator.ActiveCfg = Debug|Any CPU
		{90710E94-3E79-4F59-AF6B-2FD3B3ECF49F}.Debug|iPhoneSimulator.Build.0 = Debug|Any CPU
		{90710E94-3E79-4F59-AF6B-2FD3B3ECF49F}.Release|Any CPU.ActiveCfg = Release|Any CPU
		{90710E94-3E79-4F59-AF6B-2FD3B3ECF49F}.Release|Any CPU.Build.0 = Release|Any CPU
		{90710E94-3E79-4F59-AF6B-2FD3B3ECF49F}.Release|iPhone.ActiveCfg = Release|Any CPU
		{90710E94-3E79-4F59-AF6B-2FD3B3ECF49F}.Release|iPhone.Build.0 = Release|Any CPU
		{90710E94-3E79-4F59-AF6B-2FD3B3ECF49F}.Release|iPhoneSimulator.ActiveCfg = Release|Any CPU
		{90710E94-3E79-4F59-AF6B-2FD3B3ECF49F}.Release|iPhoneSimulator.Build.0 = Release|Any CPU
		{2AE44201-2368-4D3A-9F76-E85912B20112}.Debug|Any CPU.ActiveCfg = Debug|Any CPU
		{2AE44201-2368-4D3A-9F76-E85912B20112}.Debug|Any CPU.Build.0 = Debug|Any CPU
		{2AE44201-2368-4D3A-9F76-E85912B20112}.Debug|iPhone.ActiveCfg = Debug|Any CPU
		{2AE44201-2368-4D3A-9F76-E85912B20112}.Debug|iPhone.Build.0 = Debug|Any CPU
		{2AE44201-2368-4D3A-9F76-E85912B20112}.Debug|iPhoneSimulator.ActiveCfg = Debug|Any CPU
		{2AE44201-2368-4D3A-9F76-E85912B20112}.Debug|iPhoneSimulator.Build.0 = Debug|Any CPU
		{2AE44201-2368-4D3A-9F76-E85912B20112}.Release|Any CPU.ActiveCfg = Release|Any CPU
		{2AE44201-2368-4D3A-9F76-E85912B20112}.Release|Any CPU.Build.0 = Release|Any CPU
		{2AE44201-2368-4D3A-9F76-E85912B20112}.Release|iPhone.ActiveCfg = Release|Any CPU
		{2AE44201-2368-4D3A-9F76-E85912B20112}.Release|iPhone.Build.0 = Release|Any CPU
		{2AE44201-2368-4D3A-9F76-E85912B20112}.Release|iPhoneSimulator.ActiveCfg = Release|Any CPU
		{2AE44201-2368-4D3A-9F76-E85912B20112}.Release|iPhoneSimulator.Build.0 = Release|Any CPU
		{8617C5FC-B555-4E2D-8F5F-C4E6172C8A39}.Debug|Any CPU.ActiveCfg = Debug|Any CPU
		{8617C5FC-B555-4E2D-8F5F-C4E6172C8A39}.Debug|Any CPU.Build.0 = Debug|Any CPU
		{8617C5FC-B555-4E2D-8F5F-C4E6172C8A39}.Debug|iPhone.ActiveCfg = Debug|Any CPU
		{8617C5FC-B555-4E2D-8F5F-C4E6172C8A39}.Debug|iPhone.Build.0 = Debug|Any CPU
		{8617C5FC-B555-4E2D-8F5F-C4E6172C8A39}.Debug|iPhoneSimulator.ActiveCfg = Debug|Any CPU
		{8617C5FC-B555-4E2D-8F5F-C4E6172C8A39}.Debug|iPhoneSimulator.Build.0 = Debug|Any CPU
		{8617C5FC-B555-4E2D-8F5F-C4E6172C8A39}.Release|Any CPU.ActiveCfg = Release|Any CPU
		{8617C5FC-B555-4E2D-8F5F-C4E6172C8A39}.Release|Any CPU.Build.0 = Release|Any CPU
		{8617C5FC-B555-4E2D-8F5F-C4E6172C8A39}.Release|iPhone.ActiveCfg = Release|Any CPU
		{8617C5FC-B555-4E2D-8F5F-C4E6172C8A39}.Release|iPhone.Build.0 = Release|Any CPU
		{8617C5FC-B555-4E2D-8F5F-C4E6172C8A39}.Release|iPhoneSimulator.ActiveCfg = Release|Any CPU
		{8617C5FC-B555-4E2D-8F5F-C4E6172C8A39}.Release|iPhoneSimulator.Build.0 = Release|Any CPU
	EndGlobalSection
	GlobalSection(SolutionProperties) = preSolution
		HideSolutionNode = FALSE
	EndGlobalSection
	GlobalSection(NestedProjects) = preSolution
		{F463B4A7-28AC-4BD0-9187-81FEF1BC660F} = {D18A216E-6F66-43D1-80AA-C932F8756473}
		{8D0AB41F-C5AC-41AC-838C-B360B08BAACF} = {D18A216E-6F66-43D1-80AA-C932F8756473}
		{BC7AFAEE-0ABF-4B43-8DC6-EEC8F803E737} = {C4CADBE5-3BCA-4CE5-B74A-787568A60526}
		{FF6DC6B2-71A6-407C-9581-86A427B0D9CE} = {BC7AFAEE-0ABF-4B43-8DC6-EEC8F803E737}
		{AFF1989A-51C7-4405-90EF-5D058F8D628C} = {BC7AFAEE-0ABF-4B43-8DC6-EEC8F803E737}
		{E8D1C19A-4A3D-4A86-ADB4-5E0691F37913} = {BC7AFAEE-0ABF-4B43-8DC6-EEC8F803E737}
		{85AD9EA1-8075-47ED-816E-6746CAB77CEE} = {BC7AFAEE-0ABF-4B43-8DC6-EEC8F803E737}
		{4F38E398-EDB3-4BC2-A33C-DBEC273C1FD6} = {BC7AFAEE-0ABF-4B43-8DC6-EEC8F803E737}
		{587D0A72-5291-4096-B60C-E566AF4B16F2} = {BC7AFAEE-0ABF-4B43-8DC6-EEC8F803E737}
		{003CEB3B-8004-4480-A0A9-A5C8102AFD45} = {2C377F4E-680A-4556-BA2A-82F4D825C0A8}
		{90710E94-3E79-4F59-AF6B-2FD3B3ECF49F} = {2C377F4E-680A-4556-BA2A-82F4D825C0A8}
		{2AE44201-2368-4D3A-9F76-E85912B20112} = {BC7AFAEE-0ABF-4B43-8DC6-EEC8F803E737}
		{2C377F4E-680A-4556-BA2A-82F4D825C0A8} = {3CBED132-5420-4842-B05C-E72E0C990E87}
		{B36C5923-FFF3-4FF4-A122-D8A92D20A7A5} = {3CBED132-5420-4842-B05C-E72E0C990E87}
		{8617C5FC-B555-4E2D-8F5F-C4E6172C8A39} = {B36C5923-FFF3-4FF4-A122-D8A92D20A7A5}
	EndGlobalSection
	GlobalSection(ExtensibilityGlobals) = postSolution
		SolutionGuid = {B886C171-CDA8-4B2C-BF23-AD5497E15804}
	EndGlobalSection
	GlobalSection(MonoDevelopProperties) = preSolution
		Policies = $0
		$0.DotNetNamingPolicy = $1
		$1.DirectoryNamespaceAssociation = PrefixedHierarchical
		$0.StandardHeader = $2
	EndGlobalSection
EndGlobal
